<?xml version="1.0" encoding="UTF-8" standalone="yes" ?>
<CodeBlocks_project_file>
	<FileVersion major="1" minor="6" />
	<Project>
		<Option title="PASC_inference" />
		<Option pch_mode="2" />
		<Option compiler="null" />
		<Build>
			<Target title="Debug">
				<Option output="bin/Debug/PASC_inference" prefix_auto="1" extension_auto="1" />
				<Option object_output="obj/Debug/" />
				<Option type="1" />
				<Option compiler="null" />
			</Target>
		</Build>
		<Unit filename="../../examples/build/dlib_build/src/project_dlib-build/dlib/config.h" />
		<Unit filename="../../examples/build/dlib_build/src/project_dlib-build/dlib/revision.h" />
		<Unit filename="../../examples/gui/gui_show_gamma.cpp" />
		<Unit filename="../../examples/gui/gui_show_image.cpp" />
		<Unit filename="../../examples/gui/gui_show_movie.cpp" />
		<Unit filename="../../examples/gui/gui_show_neuro.cpp" />
		<Unit filename="../../examples/gui/gui_show_shortinfo.cpp" />
		<Unit filename="../../examples/gui/gui_show_signal2D.cpp" />
		<Unit filename="../../examples/gui/gui_show_vec.cpp" />
		<Unit filename="../../examples/gui/include/graphplotter.h" />
		<Unit filename="../../examples/gui/include/shortinfo_reader.h" />
		<Unit filename="../../examples/test_classes/petscvector/algebra/test_bgmgraph.cpp" />
		<Unit filename="../../examples/test_classes/petscvector/algebra/test_bgmgraph.cu" />
		<Unit filename="../../examples/test_classes/petscvector/algebra/test_bgmgraphgrid1D.cpp" />
		<Unit filename="../../examples/test_classes/petscvector/algebra/test_bgmgraphgrid1D.cu" />
		<Unit filename="../../examples/test_classes/petscvector/algebra/test_bgmgraphgrid2D.cpp" />
		<Unit filename="../../examples/test_classes/petscvector/algebra/test_bgmgraphgrid2D.cu" />
		<Unit filename="../../examples/test_classes/petscvector/algebra/test_blockgraphsparsematrix.cpp" />
		<Unit filename="../../examples/test_classes/petscvector/algebra/test_blockgraphsparsematrix.cu" />
		<Unit filename="../../examples/test_classes/petscvector/algebra/test_dot.cpp" />
		<Unit filename="../../examples/test_classes/petscvector/algebra/test_dot.cu" />
		<Unit filename="../../examples/test_classes/petscvector/algebra/test_fem_image.cpp" />
		<Unit filename="../../examples/test_classes/petscvector/algebra/test_fem_movie.cpp" />
		<Unit filename="../../examples/test_classes/petscvector/algebra/test_seqarrayvector_dot.cpp" />
		<Unit filename="../../examples/test_classes/petscvector/common/test_consolearg.cpp" />
		<Unit filename="../../examples/test_classes/petscvector/common/test_consoleoutput.cpp" />
		<Unit filename="../../examples/test_classes/petscvector/common/test_globalmanager.cpp" />
		<Unit filename="../../examples/test_classes/petscvector/common/test_logging.cpp" />
		<Unit filename="../../examples/test_classes/petscvector/common/test_memorycheck.cpp" />
		<Unit filename="../../examples/test_classes/petscvector/common/test_offset.cpp" />
		<Unit filename="../../examples/test_classes/petscvector/common/test_shortinfo.cpp" />
		<Unit filename="../../examples/test_classes/petscvector/common/test_timer.cpp" />
		<Unit filename="../../examples/test_classes/petscvector/cuba/ExtraParameters.cpp" />
		<Unit filename="../../examples/test_classes/petscvector/cuba/Integrator.cpp" />
		<Unit filename="../../examples/test_classes/petscvector/cuba/include/ExtraParameters.h" />
		<Unit filename="../../examples/test_classes/petscvector/cuba/include/Integrator.h" />
		<Unit filename="../../examples/test_classes/petscvector/cuba/test_anna.cpp" />
		<Unit filename="../../examples/test_classes/petscvector/cuba/test_cuba.cpp" />
		<Unit filename="../../examples/test_classes/petscvector/dlib/test_anna.cpp" />
		<Unit filename="../../examples/test_classes/petscvector/dlib/test_anna.cu" />
		<Unit filename="../../examples/test_classes/petscvector/dlib/test_gui.cpp" />
		<Unit filename="../../examples/test_classes/petscvector/dlib/test_gui.cu" />
		<Unit filename="../../examples/test_classes/petscvector/dlib/test_integral.cpp" />
		<Unit filename="../../examples/test_classes/petscvector/dlib/test_integral.cu" />
		<Unit filename="../../examples/test_classes/seqarrayvector/algebra/test_dot.cpp" />
		<Unit filename="../../examples/test_classes/seqarrayvector/algebra/test_precision.cpp" />
		<Unit filename="../../examples/test_classes/seqarrayvector/algebra/test_precision.cu" />
		<Unit filename="../../examples/test_entropy/test_entropy.cpp" />
		<Unit filename="../../examples/test_image/test_image.cpp" />
		<Unit filename="../../examples/test_movie/test_movie.cpp" />
		<Unit filename="../../examples/test_movie/test_movie_generate_3dot.cpp" />
		<Unit filename="../../examples/test_movie/test_movie_generate_dot.cpp" />
		<Unit filename="../../examples/test_neuro/test_neuro.cpp" />
		<Unit filename="../../examples/test_signal/test_signal.cpp" />
		<Unit filename="../../examples/test_signal/test_signal1D_generate.cpp" />
		<Unit filename="../../examples/test_signal/test_signal2D_generate.cpp" />
		<Unit filename="../../examples/test_signal/test_signal_fuzzykmeans.cpp" />
		<Unit filename="../../examples/util/util_csv_to_vec.cpp" />
		<Unit filename="../../examples/util/util_diff_norm_vec.cpp" />
		<Unit filename="../../examples/util/util_dlib_image_to_vec.cpp" />
		<Unit filename="../../examples/util/util_dlib_vec_to_image.cpp" />
		<Unit filename="../../examples/util/util_print_vec.cpp" />
		<Unit filename="../../examples/util/util_process_log.cpp" />
		<Unit filename="../../examples/util/util_stat_vec.cpp" />
		<Unit filename="../../include/external/boost/boost.h" />
		<Unit filename="../../include/external/boost/options.h" />
		<Unit filename="../../include/external/craypower/craypower.h" />
		<Unit filename="../../include/external/minlin/minlin.h" />
		<Unit filename="../../include/external/petscvector/algebra/algebra.h" />
		<Unit filename="../../include/external/petscvector/algebra/feasibleset/simplex_lineqbound.h" />
		<Unit filename="../../include/external/petscvector/algebra/feasibleset/simplex_local.h" />
		<Unit filename="../../include/external/petscvector/algebra/fem/fem1Dhat.h" />
		<Unit filename="../../include/external/petscvector/algebra/fem/fem1Dsum.h" />
		<Unit filename="../../include/external/petscvector/algebra/fem/fem2Dhat.h" />
		<Unit filename="../../include/external/petscvector/algebra/fem/fem2Dsum.h" />
		<Unit filename="../../include/external/petscvector/algebra/graph/bgmgraph.h" />
		<Unit filename="../../include/external/petscvector/algebra/graph/bgmgraphgrid1D.h" />
		<Unit filename="../../include/external/petscvector/algebra/graph/bgmgraphgrid2D.h" />
		<Unit filename="../../include/external/petscvector/algebra/integration/entropyintegrationdlib.h" />
		<Unit filename="../../include/external/petscvector/algebra/matrix/blockgraphsparse.h" />
		<Unit filename="../../include/external/petscvector/algebra/matrix/generalmatrix.h" />
		<Unit filename="../../include/external/petscvector/algebra/vector/generalvector.h" />
		<Unit filename="../../include/external/petscvector/algebra/vector/petscvector.h" />
		<Unit filename="../../include/external/petscvector/common/common.h" />
		<Unit filename="../../include/external/petscvector/common/decomposition.h" />
		<Unit filename="../../include/external/petscvector/common/initialize.h" />
		<Unit filename="../../include/external/petscvector/data/data.h" />
		<Unit filename="../../include/external/petscvector/data/edfdata.h" />
		<Unit filename="../../include/external/petscvector/data/entropydata.h" />
		<Unit filename="../../include/external/petscvector/data/imagedata.h" />
		<Unit filename="../../include/external/petscvector/data/moviedata.h" />
		<Unit filename="../../include/external/petscvector/data/signaldata.h" />
		<Unit filename="../../include/external/petscvector/data/tsdata.h" />
		<Unit filename="../../include/external/petscvector/model/entropyh1fem.h" />
		<Unit filename="../../include/external/petscvector/model/fuzzykmeans.h" />
		<Unit filename="../../include/external/petscvector/model/graphh1fem.h" />
		<Unit filename="../../include/external/petscvector/model/model.h" />
		<Unit filename="../../include/external/petscvector/petscvector.h" />
		<Unit filename="../../include/external/petscvector/solver/cgqpsolver.h" />
		<Unit filename="../../include/external/petscvector/solver/entropysolverdlib.h" />
		<Unit filename="../../include/external/petscvector/solver/entropysolvernewton.h" />
		<Unit filename="../../include/external/petscvector/solver/permonsolver.h" />
		<Unit filename="../../include/external/petscvector/solver/solver.h" />
		<Unit filename="../../include/external/petscvector/solver/spgqpsolver.h" />
		<Unit filename="../../include/external/petscvector/solver/spgqpsolver_coeff.h" />
		<Unit filename="../../include/external/seqarrayvector/algebra/algebra.h" />
		<Unit filename="../../include/external/seqarrayvector/algebra/vector/generalvector.h" />
		<Unit filename="../../include/external/seqarrayvector/algebra/vector/seqarrayvector.h" />
		<Unit filename="../../include/external/seqarrayvector/common/common.h" />
		<Unit filename="../../include/external/seqarrayvector/common/decomposition.h" />
		<Unit filename="../../include/external/seqarrayvector/common/initialize.h" />
		<Unit filename="../../include/external/seqarrayvector/seqarrayvector.h" />
		<Unit filename="../../include/general/algebra/algebra.h" />
		<Unit filename="../../include/general/algebra/arrayoperation.h" />
		<Unit filename="../../include/general/algebra/feasibleset/generalfeasibleset.h" />
		<Unit filename="../../include/general/algebra/feasibleset/simplex_lineqbound.h" />
		<Unit filename="../../include/general/algebra/feasibleset/simplex_local.h" />
		<Unit filename="../../include/general/algebra/fem/fem.h" />
		<Unit filename="../../include/general/algebra/fem/fem1Dhat.h" />
		<Unit filename="../../include/general/algebra/fem/fem1Dsum.h" />
		<Unit filename="../../include/general/algebra/fem/fem2Dhat.h" />
		<Unit filename="../../include/general/algebra/fem/fem2Dsum.h" />
		<Unit filename="../../include/general/algebra/graph/bgmgraph.h" />
		<Unit filename="../../include/general/algebra/graph/bgmgraphgrid1D.h" />
		<Unit filename="../../include/general/algebra/graph/bgmgraphgrid2D.h" />
		<Unit filename="../../include/general/algebra/integration/entropyintegration.h" />
		<Unit filename="../../include/general/algebra/integration/entropyintegrationdlib.h" />
		<Unit filename="../../include/general/algebra/matrix/blockgraphsparse.h" />
		<Unit filename="../../include/general/algebra/matrix/generalmatrix.h" />
		<Unit filename="../../include/general/algebra/matrix/generalmatrixrhs.h" />
		<Unit filename="../../include/general/algebra/vector/generalvector.h" />
		<Unit filename="../../include/general/common/common.h" />
		<Unit filename="../../include/general/common/consoleinput.h" />
		<Unit filename="../../include/general/common/consoleoutput.h" />
		<Unit filename="../../include/general/common/decomposition.h" />
		<Unit filename="../../include/general/common/globalmanager.h" />
		<Unit filename="../../include/general/common/initialize.h" />
		<Unit filename="../../include/general/common/logging.h" />
		<Unit filename="../../include/general/common/memorycheck.h" />
		<Unit filename="../../include/general/common/mvnrnd.h" />
		<Unit filename="../../include/general/common/powercheck.h" />
		<Unit filename="../../include/general/common/shortinfo.h" />
		<Unit filename="../../include/general/common/timer.h" />
		<Unit filename="../../include/general/data/data.h" />
		<Unit filename="../../include/general/data/diagdata.h" />
		<Unit filename="../../include/general/data/edfdata.h" />
		<Unit filename="../../include/general/data/entropydata.h" />
		<Unit filename="../../include/general/data/generaldata.h" />
		<Unit filename="../../include/general/data/imagedata.h" />
		<Unit filename="../../include/general/data/moviedata.h" />
		<Unit filename="../../include/general/data/qpdata.h" />
		<Unit filename="../../include/general/data/signaldata.h" />
		<Unit filename="../../include/general/data/simpledata.h" />
		<Unit filename="../../include/general/data/tsdata.h" />
		<Unit filename="../../include/general/general.h" />
		<Unit filename="../../include/general/model/entropyh1fem.h" />
		<Unit filename="../../include/general/model/fuzzykmeans.h" />
		<Unit filename="../../include/general/model/generalmodel.h" />
		<Unit filename="../../include/general/model/graphh1fem.h" />
		<Unit filename="../../include/general/model/model.h" />
		<Unit filename="../../include/general/model/tsmodel.h" />
		<Unit filename="../../include/general/solver/cgqpsolver.h" />
		<Unit filename="../../include/general/solver/entropysolverdlib.h" />
		<Unit filename="../../include/general/solver/entropysolvernewton.h" />
		<Unit filename="../../include/general/solver/generalsolver.h" />
		<Unit filename="../../include/general/solver/permonsolver.h" />
		<Unit filename="../../include/general/solver/qpsolver.h" />
		<Unit filename="../../include/general/solver/simplesolver.h" />
		<Unit filename="../../include/general/solver/solver.h" />
		<Unit filename="../../include/general/solver/spg_fs.h" />
		<Unit filename="../../include/general/solver/spgqpsolver.h" />
		<Unit filename="../../include/general/solver/spgqpsolver_coeff.h" />
		<Unit filename="../../include/general/solver/tssolver.h" />
		<Unit filename="../../include/options.h" />
		<Unit filename="../../include/pascinference.h" />
		<Unit filename="../../src/boost/options.cpp" />
		<Unit filename="../../src/general/algebra/arrayoperation.cpp" />
		<Unit filename="../../src/general/common/consoleinput.cpp" />
		<Unit filename="../../src/general/common/consoleoutput.cpp" />
		<Unit filename="../../src/general/common/logging.cpp" />
		<Unit filename="../../src/general/common/memorycheck.cpp" />
		<Unit filename="../../src/general/common/mvnrnd.cpp" />
		<Unit filename="../../src/general/common/shortinfo.cpp" />
		<Unit filename="../../src/general/common/timer.cpp" />
		<Unit filename="../../src/general/data/generaldata.cpp" />
		<Unit filename="../../src/general/model/generalmodel.cpp" />
		<Unit filename="../../src/general/solver/generalsolver.cpp" />
		<Unit filename="../../src/general/solver/spg_fs.cpp" />
		<Unit filename="../../src/petscvector/algebra/feasibleset/simplex_lineqbound.cpp" />
		<Unit filename="../../src/petscvector/algebra/feasibleset/simplex_local.cpp" />
		<Unit filename="../../src/petscvector/algebra/feasibleset/simplex_local.cu" />
		<Unit filename="../../src/petscvector/algebra/fem/fem1Dhat.cpp" />
		<Unit filename="../../src/petscvector/algebra/fem/fem1Dsum.cpp" />
		<Unit filename="../../src/petscvector/algebra/fem/fem2Dhat.cpp" />
		<Unit filename="../../src/petscvector/algebra/fem/fem2Dsum.cpp" />
		<Unit filename="../../src/petscvector/algebra/graph/bgmgraph.cpp" />
		<Unit filename="../../src/petscvector/algebra/graph/bgmgraph.cu" />
		<Unit filename="../../src/petscvector/algebra/graph/bgmgraphgrid1D.cpp" />
		<Unit filename="../../src/petscvector/algebra/graph/bgmgraphgrid1D.cu" />
		<Unit filename="../../src/petscvector/algebra/graph/bgmgraphgrid2D.cpp" />
		<Unit filename="../../src/petscvector/algebra/graph/bgmgraphgrid2D.cu" />
		<Unit filename="../../src/petscvector/algebra/integration/entropyintegrationdlib.cpp" />
		<Unit filename="../../src/petscvector/algebra/matrix/blockgraphsparse.cpp" />
		<Unit filename="../../src/petscvector/algebra/vector/generalvector.cpp" />
		<Unit filename="../../src/petscvector/algebra/vector/petscvector.cpp" />
		<Unit filename="../../src/petscvector/algebra/vector/wrappercomb.cpp" />
		<Unit filename="../../src/petscvector/algebra/vector/wrappermul.cpp" />
		<Unit filename="../../src/petscvector/algebra/vector/wrappersub.cpp" />
		<Unit filename="../../src/petscvector/common/decomposition.cpp" />
		<Unit filename="../../src/petscvector/common/fem.cu" />
		<Unit filename="../../src/petscvector/common/fem2D.cu" />
		<Unit filename="../../src/petscvector/common/femhat.cu" />
		<Unit filename="../../src/petscvector/common/initialize.cpp" />
		<Unit filename="../../src/petscvector/common/initialize.cu" />
		<Unit filename="../../src/petscvector/data/edfdata.cpp" />
		<Unit filename="../../src/petscvector/data/entropydata.cpp" />
		<Unit filename="../../src/petscvector/data/imagedata.cpp" />
		<Unit filename="../../src/petscvector/data/moviedata.cpp" />
		<Unit filename="../../src/petscvector/data/signaldata.cpp" />
		<Unit filename="../../src/petscvector/data/tsdata.cpp" />
		<Unit filename="../../src/petscvector/model/entropyh1fem.cpp" />
		<Unit filename="../../src/petscvector/model/fuzzykmeansfem.cpp" />
		<Unit filename="../../src/petscvector/model/graphh1fem.cpp" />
		<Unit filename="../../src/petscvector/solver/cgqpsolver.cpp" />
		<Unit filename="../../src/petscvector/solver/entropysolverdlib.cpp" />
		<Unit filename="../../src/petscvector/solver/entropysolvernewton.cpp" />
		<Unit filename="../../src/petscvector/solver/permonsolver.cpp" />
		<Unit filename="../../src/petscvector/solver/spgqpsolver.cpp" />
		<Unit filename="../../src/petscvector/solver/spgqpsolver_coeff.cpp" />
		<Unit filename="../../src/seqarrayvector/algebra/vector/generalvector.cpp" />
		<Unit filename="../../src/seqarrayvector/algebra/vector/seqarrayvector.cpp" />
		<Unit filename="../../src/seqarrayvector/common/decomposition.cpp" />
		<Unit filename="../../src/seqarrayvector/common/initialize.cpp" />
		<Unit filename="../dlib/dlib/algs.h" />
		<Unit filename="../dlib/dlib/any.h" />
		<Unit filename="../dlib/dlib/any/any.h" />
		<Unit filename="../dlib/dlib/any/any_abstract.h" />
		<Unit filename="../dlib/dlib/any/any_decision_function.h" />
		<Unit filename="../dlib/dlib/any/any_decision_function_abstract.h" />
		<Unit filename="../dlib/dlib/any/any_function.h" />
		<Unit filename="../dlib/dlib/any/any_function_abstract.h" />
		<Unit filename="../dlib/dlib/any/any_function_impl.h" />
		<Unit filename="../dlib/dlib/any/any_function_impl2.h" />
		<Unit filename="../dlib/dlib/any/any_trainer.h" />
		<Unit filename="../dlib/dlib/any/any_trainer_abstract.h" />
		<Unit filename="../dlib/dlib/array.h" />
		<Unit filename="../dlib/dlib/array/array_kernel.h" />
		<Unit filename="../dlib/dlib/array/array_kernel_abstract.h" />
		<Unit filename="../dlib/dlib/array/array_tools.h" />
		<Unit filename="../dlib/dlib/array/array_tools_abstract.h" />
		<Unit filename="../dlib/dlib/array2d.h" />
		<Unit filename="../dlib/dlib/array2d/array2d_generic_image.h" />
		<Unit filename="../dlib/dlib/array2d/array2d_kernel.h" />
		<Unit filename="../dlib/dlib/array2d/array2d_kernel_abstract.h" />
		<Unit filename="../dlib/dlib/array2d/serialize_pixel_overloads.h" />
		<Unit filename="../dlib/dlib/assert.h" />
		<Unit filename="../dlib/dlib/base64.h" />
		<Unit filename="../dlib/dlib/base64/base64_kernel_1.h" />
		<Unit filename="../dlib/dlib/base64/base64_kernel_abstract.h" />
		<Unit filename="../dlib/dlib/bayes_utils.h" />
		<Unit filename="../dlib/dlib/bayes_utils/bayes_utils.h" />
		<Unit filename="../dlib/dlib/bayes_utils/bayes_utils_abstract.h" />
		<Unit filename="../dlib/dlib/bigint.h" />
		<Unit filename="../dlib/dlib/bigint/bigint_kernel_1.h" />
		<Unit filename="../dlib/dlib/bigint/bigint_kernel_2.h" />
		<Unit filename="../dlib/dlib/bigint/bigint_kernel_abstract.h" />
		<Unit filename="../dlib/dlib/bigint/bigint_kernel_c.h" />
		<Unit filename="../dlib/dlib/binary_search_tree.h" />
		<Unit filename="../dlib/dlib/binary_search_tree/binary_search_tree_kernel_1.h" />
		<Unit filename="../dlib/dlib/binary_search_tree/binary_search_tree_kernel_2.h" />
		<Unit filename="../dlib/dlib/binary_search_tree/binary_search_tree_kernel_abstract.h" />
		<Unit filename="../dlib/dlib/binary_search_tree/binary_search_tree_kernel_c.h" />
		<Unit filename="../dlib/dlib/bit_stream.h" />
		<Unit filename="../dlib/dlib/bit_stream/bit_stream_kernel_1.h" />
		<Unit filename="../dlib/dlib/bit_stream/bit_stream_kernel_abstract.h" />
		<Unit filename="../dlib/dlib/bit_stream/bit_stream_kernel_c.h" />
		<Unit filename="../dlib/dlib/bit_stream/bit_stream_multi_1.h" />
		<Unit filename="../dlib/dlib/bit_stream/bit_stream_multi_abstract.h" />
		<Unit filename="../dlib/dlib/bit_stream/bit_stream_multi_c.h" />
		<Unit filename="../dlib/dlib/bound_function_pointer.h" />
		<Unit filename="../dlib/dlib/bound_function_pointer/bound_function_pointer_kernel_1.h" />
		<Unit filename="../dlib/dlib/bound_function_pointer/bound_function_pointer_kernel_abstract.h" />
		<Unit filename="../dlib/dlib/bridge.h" />
		<Unit filename="../dlib/dlib/bridge/bridge.h" />
		<Unit filename="../dlib/dlib/bridge/bridge_abstract.h" />
		<Unit filename="../dlib/dlib/bsp.h" />
		<Unit filename="../dlib/dlib/bsp/bsp.h" />
		<Unit filename="../dlib/dlib/bsp/bsp_abstract.h" />
		<Unit filename="../dlib/dlib/byte_orderer.h" />
		<Unit filename="../dlib/dlib/byte_orderer/byte_orderer_kernel_1.h" />
		<Unit filename="../dlib/dlib/byte_orderer/byte_orderer_kernel_abstract.h" />
		<Unit filename="../dlib/dlib/clustering.h" />
		<Unit filename="../dlib/dlib/clustering/bottom_up_cluster.h" />
		<Unit filename="../dlib/dlib/clustering/bottom_up_cluster_abstract.h" />
		<Unit filename="../dlib/dlib/clustering/chinese_whispers.h" />
		<Unit filename="../dlib/dlib/clustering/chinese_whispers_abstract.h" />
		<Unit filename="../dlib/dlib/clustering/modularity_clustering.h" />
		<Unit filename="../dlib/dlib/clustering/modularity_clustering_abstract.h" />
		<Unit filename="../dlib/dlib/clustering/spectral_cluster.h" />
		<Unit filename="../dlib/dlib/clustering/spectral_cluster_abstract.h" />
		<Unit filename="../dlib/dlib/cmd_line_parser.h" />
		<Unit filename="../dlib/dlib/cmd_line_parser/cmd_line_parser_check_1.h" />
		<Unit filename="../dlib/dlib/cmd_line_parser/cmd_line_parser_check_c.h" />
		<Unit filename="../dlib/dlib/cmd_line_parser/cmd_line_parser_kernel_1.h" />
		<Unit filename="../dlib/dlib/cmd_line_parser/cmd_line_parser_kernel_abstract.h" />
		<Unit filename="../dlib/dlib/cmd_line_parser/cmd_line_parser_kernel_c.h" />
		<Unit filename="../dlib/dlib/cmd_line_parser/cmd_line_parser_print_1.h" />
		<Unit filename="../dlib/dlib/cmd_line_parser/get_option.h" />
		<Unit filename="../dlib/dlib/cmd_line_parser/get_option_abstract.h" />
		<Unit filename="../dlib/dlib/compress_stream.h" />
		<Unit filename="../dlib/dlib/compress_stream/compress_stream_kernel_1.h" />
		<Unit filename="../dlib/dlib/compress_stream/compress_stream_kernel_2.h" />
		<Unit filename="../dlib/dlib/compress_stream/compress_stream_kernel_3.h" />
		<Unit filename="../dlib/dlib/compress_stream/compress_stream_kernel_abstract.h" />
		<Unit filename="../dlib/dlib/conditioning_class.h" />
		<Unit filename="../dlib/dlib/conditioning_class/conditioning_class_kernel_1.h" />
		<Unit filename="../dlib/dlib/conditioning_class/conditioning_class_kernel_2.h" />
		<Unit filename="../dlib/dlib/conditioning_class/conditioning_class_kernel_3.h" />
		<Unit filename="../dlib/dlib/conditioning_class/conditioning_class_kernel_4.h" />
		<Unit filename="../dlib/dlib/conditioning_class/conditioning_class_kernel_abstract.h" />
		<Unit filename="../dlib/dlib/conditioning_class/conditioning_class_kernel_c.h" />
		<Unit filename="../dlib/dlib/config.h" />
		<Unit filename="../dlib/dlib/config_reader.h" />
		<Unit filename="../dlib/dlib/config_reader/config_reader_kernel_1.h" />
		<Unit filename="../dlib/dlib/config_reader/config_reader_kernel_abstract.h" />
		<Unit filename="../dlib/dlib/config_reader/config_reader_thread_safe_1.h" />
		<Unit filename="../dlib/dlib/config_reader/config_reader_thread_safe_abstract.h" />
		<Unit filename="../dlib/dlib/console_progress_indicator.h" />
		<Unit filename="../dlib/dlib/control.h" />
		<Unit filename="../dlib/dlib/control/approximate_linear_models.h" />
		<Unit filename="../dlib/dlib/control/approximate_linear_models_abstract.h" />
		<Unit filename="../dlib/dlib/control/lspi.h" />
		<Unit filename="../dlib/dlib/control/lspi_abstract.h" />
		<Unit filename="../dlib/dlib/control/mpc.h" />
		<Unit filename="../dlib/dlib/control/mpc_abstract.h" />
		<Unit filename="../dlib/dlib/cpp_pretty_printer.h" />
		<Unit filename="../dlib/dlib/cpp_pretty_printer/cpp_pretty_printer_kernel_1.h" />
		<Unit filename="../dlib/dlib/cpp_pretty_printer/cpp_pretty_printer_kernel_2.h" />
		<Unit filename="../dlib/dlib/cpp_pretty_printer/cpp_pretty_printer_kernel_abstract.h" />
		<Unit filename="../dlib/dlib/cpp_tokenizer.h" />
		<Unit filename="../dlib/dlib/cpp_tokenizer/cpp_tokenizer_kernel_1.h" />
		<Unit filename="../dlib/dlib/cpp_tokenizer/cpp_tokenizer_kernel_abstract.h" />
		<Unit filename="../dlib/dlib/cpp_tokenizer/cpp_tokenizer_kernel_c.h" />
		<Unit filename="../dlib/dlib/crc32.h" />
		<Unit filename="../dlib/dlib/crc32/crc32_kernel_1.h" />
		<Unit filename="../dlib/dlib/crc32/crc32_kernel_abstract.h" />
		<Unit filename="../dlib/dlib/data_io.h" />
		<Unit filename="../dlib/dlib/data_io/image_dataset_metadata.h" />
		<Unit filename="../dlib/dlib/data_io/libsvm_io.h" />
		<Unit filename="../dlib/dlib/data_io/libsvm_io_abstract.h" />
		<Unit filename="../dlib/dlib/data_io/load_image_dataset.h" />
		<Unit filename="../dlib/dlib/data_io/load_image_dataset_abstract.h" />
		<Unit filename="../dlib/dlib/data_io/mnist.h" />
		<Unit filename="../dlib/dlib/data_io/mnist_abstract.h" />
		<Unit filename="../dlib/dlib/dir_nav.h" />
		<Unit filename="../dlib/dlib/dir_nav/dir_nav_extensions.h" />
		<Unit filename="../dlib/dlib/dir_nav/dir_nav_extensions_abstract.h" />
		<Unit filename="../dlib/dlib/dir_nav/dir_nav_kernel_1.h" />
		<Unit filename="../dlib/dlib/dir_nav/dir_nav_kernel_2.h" />
		<Unit filename="../dlib/dlib/dir_nav/dir_nav_kernel_abstract.h" />
		<Unit filename="../dlib/dlib/dir_nav/posix.h" />
		<Unit filename="../dlib/dlib/dir_nav/windows.h" />
		<Unit filename="../dlib/dlib/directed_graph.h" />
		<Unit filename="../dlib/dlib/directed_graph/directed_graph_kernel_1.h" />
		<Unit filename="../dlib/dlib/directed_graph/directed_graph_kernel_abstract.h" />
		<Unit filename="../dlib/dlib/disjoint_subsets.h" />
		<Unit filename="../dlib/dlib/disjoint_subsets/disjoint_subsets.h" />
		<Unit filename="../dlib/dlib/disjoint_subsets/disjoint_subsets_abstract.h" />
		<Unit filename="../dlib/dlib/dnn.h" />
		<Unit filename="../dlib/dlib/dnn/core.h" />
		<Unit filename="../dlib/dlib/dnn/core_abstract.h" />
		<Unit filename="../dlib/dlib/dnn/cpu_dlib.h" />
		<Unit filename="../dlib/dlib/dnn/cublas_dlibapi.h" />
		<Unit filename="../dlib/dlib/dnn/cuda_data_ptr.h" />
		<Unit filename="../dlib/dlib/dnn/cuda_dlib.h" />
		<Unit filename="../dlib/dlib/dnn/cuda_errors.h" />
		<Unit filename="../dlib/dlib/dnn/cuda_utils.h" />
		<Unit filename="../dlib/dlib/dnn/cudnn_dlibapi.h" />
		<Unit filename="../dlib/dlib/dnn/curand_dlibapi.h" />
		<Unit filename="../dlib/dlib/dnn/cusolver_dlibapi.h" />
		<Unit filename="../dlib/dlib/dnn/gpu_data.h" />
		<Unit filename="../dlib/dlib/dnn/gpu_data_abstract.h" />
		<Unit filename="../dlib/dlib/dnn/input.h" />
		<Unit filename="../dlib/dlib/dnn/input_abstract.h" />
		<Unit filename="../dlib/dlib/dnn/layers.h" />
		<Unit filename="../dlib/dlib/dnn/layers_abstract.h" />
		<Unit filename="../dlib/dlib/dnn/loss.h" />
		<Unit filename="../dlib/dlib/dnn/loss_abstract.h" />
		<Unit filename="../dlib/dlib/dnn/solvers.h" />
		<Unit filename="../dlib/dlib/dnn/solvers_abstract.h" />
		<Unit filename="../dlib/dlib/dnn/tensor.h" />
		<Unit filename="../dlib/dlib/dnn/tensor_abstract.h" />
		<Unit filename="../dlib/dlib/dnn/tensor_tools.h" />
		<Unit filename="../dlib/dlib/dnn/trainer.h" />
		<Unit filename="../dlib/dlib/dnn/trainer_abstract.h" />
		<Unit filename="../dlib/dlib/dnn/utilities.h" />
		<Unit filename="../dlib/dlib/dnn/utilities_abstract.h" />
		<Unit filename="../dlib/dlib/dnn/validation.h" />
		<Unit filename="../dlib/dlib/enable_if.h" />
		<Unit filename="../dlib/dlib/entropy_decoder.h" />
		<Unit filename="../dlib/dlib/entropy_decoder/entropy_decoder_kernel_1.h" />
		<Unit filename="../dlib/dlib/entropy_decoder/entropy_decoder_kernel_2.h" />
		<Unit filename="../dlib/dlib/entropy_decoder/entropy_decoder_kernel_abstract.h" />
		<Unit filename="../dlib/dlib/entropy_decoder/entropy_decoder_kernel_c.h" />
		<Unit filename="../dlib/dlib/entropy_decoder_model.h" />
		<Unit filename="../dlib/dlib/entropy_decoder_model/entropy_decoder_model_kernel_1.h" />
		<Unit filename="../dlib/dlib/entropy_decoder_model/entropy_decoder_model_kernel_2.h" />
		<Unit filename="../dlib/dlib/entropy_decoder_model/entropy_decoder_model_kernel_3.h" />
		<Unit filename="../dlib/dlib/entropy_decoder_model/entropy_decoder_model_kernel_4.h" />
		<Unit filename="../dlib/dlib/entropy_decoder_model/entropy_decoder_model_kernel_5.h" />
		<Unit filename="../dlib/dlib/entropy_decoder_model/entropy_decoder_model_kernel_6.h" />
		<Unit filename="../dlib/dlib/entropy_decoder_model/entropy_decoder_model_kernel_abstract.h" />
		<Unit filename="../dlib/dlib/entropy_encoder.h" />
		<Unit filename="../dlib/dlib/entropy_encoder/entropy_encoder_kernel_1.h" />
		<Unit filename="../dlib/dlib/entropy_encoder/entropy_encoder_kernel_2.h" />
		<Unit filename="../dlib/dlib/entropy_encoder/entropy_encoder_kernel_abstract.h" />
		<Unit filename="../dlib/dlib/entropy_encoder/entropy_encoder_kernel_c.h" />
		<Unit filename="../dlib/dlib/entropy_encoder_model.h" />
		<Unit filename="../dlib/dlib/entropy_encoder_model/entropy_encoder_model_kernel_1.h" />
		<Unit filename="../dlib/dlib/entropy_encoder_model/entropy_encoder_model_kernel_2.h" />
		<Unit filename="../dlib/dlib/entropy_encoder_model/entropy_encoder_model_kernel_3.h" />
		<Unit filename="../dlib/dlib/entropy_encoder_model/entropy_encoder_model_kernel_4.h" />
		<Unit filename="../dlib/dlib/entropy_encoder_model/entropy_encoder_model_kernel_5.h" />
		<Unit filename="../dlib/dlib/entropy_encoder_model/entropy_encoder_model_kernel_6.h" />
		<Unit filename="../dlib/dlib/entropy_encoder_model/entropy_encoder_model_kernel_abstract.h" />
		<Unit filename="../dlib/dlib/entropy_encoder_model/entropy_encoder_model_kernel_c.h" />
		<Unit filename="../dlib/dlib/error.h" />
		<Unit filename="../dlib/dlib/external/cblas/cblas.h" />
		<Unit filename="../dlib/dlib/external/cblas/cblas_f77.h" />
		<Unit filename="../dlib/dlib/external/libjpeg/jchuff.h" />
		<Unit filename="../dlib/dlib/external/libjpeg/jconfig.h" />
		<Unit filename="../dlib/dlib/external/libjpeg/jdct.h" />
		<Unit filename="../dlib/dlib/external/libjpeg/jdhuff.h" />
		<Unit filename="../dlib/dlib/external/libjpeg/jerror.h" />
		<Unit filename="../dlib/dlib/external/libjpeg/jinclude.h" />
		<Unit filename="../dlib/dlib/external/libjpeg/jmemsys.h" />
		<Unit filename="../dlib/dlib/external/libjpeg/jmorecfg.h" />
		<Unit filename="../dlib/dlib/external/libjpeg/jpegint.h" />
		<Unit filename="../dlib/dlib/external/libjpeg/jpeglib.h" />
		<Unit filename="../dlib/dlib/external/libjpeg/jversion.h" />
		<Unit filename="../dlib/dlib/external/libpng/png.h" />
		<Unit filename="../dlib/dlib/external/libpng/pngconf.h" />
		<Unit filename="../dlib/dlib/external/libpng/pngdebug.h" />
		<Unit filename="../dlib/dlib/external/libpng/pnginfo.h" />
		<Unit filename="../dlib/dlib/external/libpng/pnglibconf.h" />
		<Unit filename="../dlib/dlib/external/libpng/pngpriv.h" />
		<Unit filename="../dlib/dlib/external/libpng/pngstruct.h" />
		<Unit filename="../dlib/dlib/external/zlib/crc32.h" />
		<Unit filename="../dlib/dlib/external/zlib/deflate.h" />
		<Unit filename="../dlib/dlib/external/zlib/gzguts.h" />
		<Unit filename="../dlib/dlib/external/zlib/inffast.h" />
		<Unit filename="../dlib/dlib/external/zlib/inffixed.h" />
		<Unit filename="../dlib/dlib/external/zlib/inflate.h" />
		<Unit filename="../dlib/dlib/external/zlib/inftrees.h" />
		<Unit filename="../dlib/dlib/external/zlib/trees.h" />
		<Unit filename="../dlib/dlib/external/zlib/zconf.h" />
		<Unit filename="../dlib/dlib/external/zlib/zlib.h" />
		<Unit filename="../dlib/dlib/external/zlib/zutil.h" />
		<Unit filename="../dlib/dlib/filtering.h" />
		<Unit filename="../dlib/dlib/filtering/kalman_filter.h" />
		<Unit filename="../dlib/dlib/filtering/kalman_filter_abstract.h" />
		<Unit filename="../dlib/dlib/filtering/rls_filter.h" />
		<Unit filename="../dlib/dlib/filtering/rls_filter_abstract.h" />
		<Unit filename="../dlib/dlib/float_details.h" />
		<Unit filename="../dlib/dlib/general_hash/count_bits.h" />
		<Unit filename="../dlib/dlib/general_hash/count_bits_abstract.h" />
		<Unit filename="../dlib/dlib/general_hash/general_hash.h" />
		<Unit filename="../dlib/dlib/general_hash/hash.h" />
		<Unit filename="../dlib/dlib/general_hash/hash_abstract.h" />
		<Unit filename="../dlib/dlib/general_hash/murmur_hash3.h" />
		<Unit filename="../dlib/dlib/general_hash/murmur_hash3_abstract.h" />
		<Unit filename="../dlib/dlib/general_hash/random_hashing.h" />
		<Unit filename="../dlib/dlib/general_hash/random_hashing_abstract.h" />
		<Unit filename="../dlib/dlib/geometry.h" />
		<Unit filename="../dlib/dlib/geometry/border_enumerator.h" />
		<Unit filename="../dlib/dlib/geometry/border_enumerator_abstract.h" />
		<Unit filename="../dlib/dlib/geometry/drectangle.h" />
		<Unit filename="../dlib/dlib/geometry/drectangle_abstract.h" />
		<Unit filename="../dlib/dlib/geometry/point_transforms.h" />
		<Unit filename="../dlib/dlib/geometry/point_transforms_abstract.h" />
		<Unit filename="../dlib/dlib/geometry/rectangle.h" />
		<Unit filename="../dlib/dlib/geometry/rectangle_abstract.h" />
		<Unit filename="../dlib/dlib/geometry/vector.h" />
		<Unit filename="../dlib/dlib/geometry/vector_abstract.h" />
		<Unit filename="../dlib/dlib/graph.h" />
		<Unit filename="../dlib/dlib/graph/graph_kernel_1.h" />
		<Unit filename="../dlib/dlib/graph/graph_kernel_abstract.h" />
		<Unit filename="../dlib/dlib/graph_cuts.h" />
		<Unit filename="../dlib/dlib/graph_cuts/find_max_factor_graph_potts.h" />
		<Unit filename="../dlib/dlib/graph_cuts/find_max_factor_graph_potts_abstract.h" />
		<Unit filename="../dlib/dlib/graph_cuts/general_flow_graph.h" />
		<Unit filename="../dlib/dlib/graph_cuts/general_potts_problem.h" />
		<Unit filename="../dlib/dlib/graph_cuts/graph_labeler.h" />
		<Unit filename="../dlib/dlib/graph_cuts/graph_labeler_abstract.h" />
		<Unit filename="../dlib/dlib/graph_cuts/min_cut.h" />
		<Unit filename="../dlib/dlib/graph_cuts/min_cut_abstract.h" />
		<Unit filename="../dlib/dlib/graph_utils.h" />
		<Unit filename="../dlib/dlib/graph_utils/edge_list_graphs.h" />
		<Unit filename="../dlib/dlib/graph_utils/edge_list_graphs_abstract.h" />
		<Unit filename="../dlib/dlib/graph_utils/find_k_nearest_neighbors_lsh.h" />
		<Unit filename="../dlib/dlib/graph_utils/find_k_nearest_neighbors_lsh_abstract.h" />
		<Unit filename="../dlib/dlib/graph_utils/function_objects.h" />
		<Unit filename="../dlib/dlib/graph_utils/function_objects_abstract.h" />
		<Unit filename="../dlib/dlib/graph_utils/graph_utils.h" />
		<Unit filename="../dlib/dlib/graph_utils/graph_utils_abstract.h" />
		<Unit filename="../dlib/dlib/graph_utils/ordered_sample_pair.h" />
		<Unit filename="../dlib/dlib/graph_utils/ordered_sample_pair_abstract.h" />
		<Unit filename="../dlib/dlib/graph_utils/sample_pair.h" />
		<Unit filename="../dlib/dlib/graph_utils/sample_pair_abstract.h" />
		<Unit filename="../dlib/dlib/graph_utils_threaded.h" />
		<Unit filename="../dlib/dlib/gui_core.h" />
		<Unit filename="../dlib/dlib/gui_core/gui_core_kernel_1.h" />
		<Unit filename="../dlib/dlib/gui_core/gui_core_kernel_2.h" />
		<Unit filename="../dlib/dlib/gui_core/gui_core_kernel_abstract.h" />
		<Unit filename="../dlib/dlib/gui_core/windows.h" />
		<Unit filename="../dlib/dlib/gui_core/xlib.h" />
		<Unit filename="../dlib/dlib/gui_widgets.h" />
		<Unit filename="../dlib/dlib/gui_widgets/base_widgets.h" />
		<Unit filename="../dlib/dlib/gui_widgets/base_widgets_abstract.h" />
		<Unit filename="../dlib/dlib/gui_widgets/canvas_drawing.h" />
		<Unit filename="../dlib/dlib/gui_widgets/canvas_drawing_abstract.h" />
		<Unit filename="../dlib/dlib/gui_widgets/drawable.h" />
		<Unit filename="../dlib/dlib/gui_widgets/drawable_abstract.h" />
		<Unit filename="../dlib/dlib/gui_widgets/fonts.h" />
		<Unit filename="../dlib/dlib/gui_widgets/fonts_abstract.h" />
		<Unit filename="../dlib/dlib/gui_widgets/nativefont.h" />
		<Unit filename="../dlib/dlib/gui_widgets/style.h" />
		<Unit filename="../dlib/dlib/gui_widgets/style_abstract.h" />
		<Unit filename="../dlib/dlib/gui_widgets/widgets.h" />
		<Unit filename="../dlib/dlib/gui_widgets/widgets_abstract.h" />
		<Unit filename="../dlib/dlib/hash.h" />
		<Unit filename="../dlib/dlib/hash_map.h" />
		<Unit filename="../dlib/dlib/hash_map/hash_map_kernel_1.h" />
		<Unit filename="../dlib/dlib/hash_map/hash_map_kernel_abstract.h" />
		<Unit filename="../dlib/dlib/hash_map/hash_map_kernel_c.h" />
		<Unit filename="../dlib/dlib/hash_set.h" />
		<Unit filename="../dlib/dlib/hash_set/hash_set_kernel_1.h" />
		<Unit filename="../dlib/dlib/hash_set/hash_set_kernel_abstract.h" />
		<Unit filename="../dlib/dlib/hash_set/hash_set_kernel_c.h" />
		<Unit filename="../dlib/dlib/hash_table.h" />
		<Unit filename="../dlib/dlib/hash_table/hash_table_kernel_1.h" />
		<Unit filename="../dlib/dlib/hash_table/hash_table_kernel_2.h" />
		<Unit filename="../dlib/dlib/hash_table/hash_table_kernel_abstract.h" />
		<Unit filename="../dlib/dlib/hash_table/hash_table_kernel_c.h" />
		<Unit filename="../dlib/dlib/http_client/http_client.h" />
		<Unit filename="../dlib/dlib/http_client/http_client_abstract.h" />
		<Unit filename="../dlib/dlib/image_io.h" />
		<Unit filename="../dlib/dlib/image_keypoint.h" />
		<Unit filename="../dlib/dlib/image_keypoint/binned_vector_feature_image.h" />
		<Unit filename="../dlib/dlib/image_keypoint/binned_vector_feature_image_abstract.h" />
		<Unit filename="../dlib/dlib/image_keypoint/build_separable_poly_filters.h" />
		<Unit filename="../dlib/dlib/image_keypoint/draw_surf_points.h" />
		<Unit filename="../dlib/dlib/image_keypoint/draw_surf_points_abstract.h" />
		<Unit filename="../dlib/dlib/image_keypoint/fine_hog_image.h" />
		<Unit filename="../dlib/dlib/image_keypoint/fine_hog_image_abstract.h" />
		<Unit filename="../dlib/dlib/image_keypoint/hashed_feature_image.h" />
		<Unit filename="../dlib/dlib/image_keypoint/hashed_feature_image_abstract.h" />
		<Unit filename="../dlib/dlib/image_keypoint/hessian_pyramid.h" />
		<Unit filename="../dlib/dlib/image_keypoint/hessian_pyramid_abstract.h" />
		<Unit filename="../dlib/dlib/image_keypoint/hog.h" />
		<Unit filename="../dlib/dlib/image_keypoint/hog_abstract.h" />
		<Unit filename="../dlib/dlib/image_keypoint/nearest_neighbor_feature_image.h" />
		<Unit filename="../dlib/dlib/image_keypoint/nearest_neighbor_feature_image_abstract.h" />
		<Unit filename="../dlib/dlib/image_keypoint/poly_image.h" />
		<Unit filename="../dlib/dlib/image_keypoint/poly_image_abstract.h" />
		<Unit filename="../dlib/dlib/image_keypoint/surf.h" />
		<Unit filename="../dlib/dlib/image_keypoint/surf_abstract.h" />
		<Unit filename="../dlib/dlib/image_loader/image_loader.h" />
		<Unit filename="../dlib/dlib/image_loader/image_loader_abstract.h" />
		<Unit filename="../dlib/dlib/image_loader/jpeg_loader.h" />
		<Unit filename="../dlib/dlib/image_loader/jpeg_loader_abstract.h" />
		<Unit filename="../dlib/dlib/image_loader/load_image.h" />
		<Unit filename="../dlib/dlib/image_loader/load_image_abstract.h" />
		<Unit filename="../dlib/dlib/image_loader/png_loader.h" />
		<Unit filename="../dlib/dlib/image_loader/png_loader_abstract.h" />
		<Unit filename="../dlib/dlib/image_processing.h" />
		<Unit filename="../dlib/dlib/image_processing/box_overlap_testing.h" />
		<Unit filename="../dlib/dlib/image_processing/box_overlap_testing_abstract.h" />
		<Unit filename="../dlib/dlib/image_processing/correlation_tracker.h" />
		<Unit filename="../dlib/dlib/image_processing/correlation_tracker_abstract.h" />
		<Unit filename="../dlib/dlib/image_processing/detection_template_tools.h" />
		<Unit filename="../dlib/dlib/image_processing/detection_template_tools_abstract.h" />
		<Unit filename="../dlib/dlib/image_processing/frontal_face_detector.h" />
		<Unit filename="../dlib/dlib/image_processing/frontal_face_detector_abstract.h" />
		<Unit filename="../dlib/dlib/image_processing/full_object_detection.h" />
		<Unit filename="../dlib/dlib/image_processing/full_object_detection_abstract.h" />
		<Unit filename="../dlib/dlib/image_processing/generic_image.h" />
		<Unit filename="../dlib/dlib/image_processing/object_detector.h" />
		<Unit filename="../dlib/dlib/image_processing/object_detector_abstract.h" />
		<Unit filename="../dlib/dlib/image_processing/remove_unobtainable_rectangles.h" />
		<Unit filename="../dlib/dlib/image_processing/remove_unobtainable_rectangles_abstract.h" />
		<Unit filename="../dlib/dlib/image_processing/render_face_detections.h" />
		<Unit filename="../dlib/dlib/image_processing/render_face_detections_abstract.h" />
		<Unit filename="../dlib/dlib/image_processing/scan_fhog_pyramid.h" />
		<Unit filename="../dlib/dlib/image_processing/scan_fhog_pyramid_abstract.h" />
		<Unit filename="../dlib/dlib/image_processing/scan_image.h" />
		<Unit filename="../dlib/dlib/image_processing/scan_image_abstract.h" />
		<Unit filename="../dlib/dlib/image_processing/scan_image_boxes.h" />
		<Unit filename="../dlib/dlib/image_processing/scan_image_boxes_abstract.h" />
		<Unit filename="../dlib/dlib/image_processing/scan_image_custom.h" />
		<Unit filename="../dlib/dlib/image_processing/scan_image_custom_abstract.h" />
		<Unit filename="../dlib/dlib/image_processing/scan_image_pyramid.h" />
		<Unit filename="../dlib/dlib/image_processing/scan_image_pyramid_abstract.h" />
		<Unit filename="../dlib/dlib/image_processing/scan_image_pyramid_tools.h" />
		<Unit filename="../dlib/dlib/image_processing/scan_image_pyramid_tools_abstract.h" />
		<Unit filename="../dlib/dlib/image_processing/setup_hashed_features.h" />
		<Unit filename="../dlib/dlib/image_processing/setup_hashed_features_abstract.h" />
		<Unit filename="../dlib/dlib/image_processing/shape_predictor.h" />
		<Unit filename="../dlib/dlib/image_processing/shape_predictor_abstract.h" />
		<Unit filename="../dlib/dlib/image_processing/shape_predictor_trainer.h" />
		<Unit filename="../dlib/dlib/image_processing/shape_predictor_trainer_abstract.h" />
		<Unit filename="../dlib/dlib/image_saver/dng_shared.h" />
		<Unit filename="../dlib/dlib/image_saver/image_saver.h" />
		<Unit filename="../dlib/dlib/image_saver/image_saver_abstract.h" />
		<Unit filename="../dlib/dlib/image_saver/save_jpeg.h" />
		<Unit filename="../dlib/dlib/image_saver/save_jpeg_abstract.h" />
		<Unit filename="../dlib/dlib/image_saver/save_png.h" />
		<Unit filename="../dlib/dlib/image_saver/save_png_abstract.h" />
		<Unit filename="../dlib/dlib/image_transforms.h" />
		<Unit filename="../dlib/dlib/image_transforms/assign_image.h" />
		<Unit filename="../dlib/dlib/image_transforms/assign_image_abstract.h" />
		<Unit filename="../dlib/dlib/image_transforms/colormaps.h" />
		<Unit filename="../dlib/dlib/image_transforms/colormaps_abstract.h" />
		<Unit filename="../dlib/dlib/image_transforms/draw.h" />
		<Unit filename="../dlib/dlib/image_transforms/draw_abstract.h" />
		<Unit filename="../dlib/dlib/image_transforms/edge_detector.h" />
		<Unit filename="../dlib/dlib/image_transforms/edge_detector_abstract.h" />
		<Unit filename="../dlib/dlib/image_transforms/equalize_histogram.h" />
		<Unit filename="../dlib/dlib/image_transforms/equalize_histogram_abstract.h" />
		<Unit filename="../dlib/dlib/image_transforms/fhog.h" />
		<Unit filename="../dlib/dlib/image_transforms/fhog_abstract.h" />
		<Unit filename="../dlib/dlib/image_transforms/hough_transform.h" />
		<Unit filename="../dlib/dlib/image_transforms/hough_transform_abstract.h" />
		<Unit filename="../dlib/dlib/image_transforms/image_pyramid.h" />
		<Unit filename="../dlib/dlib/image_transforms/image_pyramid_abstract.h" />
		<Unit filename="../dlib/dlib/image_transforms/integral_image.h" />
		<Unit filename="../dlib/dlib/image_transforms/integral_image_abstract.h" />
		<Unit filename="../dlib/dlib/image_transforms/interpolation.h" />
		<Unit filename="../dlib/dlib/image_transforms/interpolation_abstract.h" />
		<Unit filename="../dlib/dlib/image_transforms/label_connected_blobs.h" />
		<Unit filename="../dlib/dlib/image_transforms/label_connected_blobs_abstract.h" />
		<Unit filename="../dlib/dlib/image_transforms/lbp.h" />
		<Unit filename="../dlib/dlib/image_transforms/lbp_abstract.h" />
		<Unit filename="../dlib/dlib/image_transforms/morphological_operations.h" />
		<Unit filename="../dlib/dlib/image_transforms/morphological_operations_abstract.h" />
		<Unit filename="../dlib/dlib/image_transforms/random_color_transform.h" />
		<Unit filename="../dlib/dlib/image_transforms/random_color_transform_abstract.h" />
		<Unit filename="../dlib/dlib/image_transforms/random_cropper.h" />
		<Unit filename="../dlib/dlib/image_transforms/random_cropper_abstract.h" />
		<Unit filename="../dlib/dlib/image_transforms/segment_image.h" />
		<Unit filename="../dlib/dlib/image_transforms/segment_image_abstract.h" />
		<Unit filename="../dlib/dlib/image_transforms/spatial_filtering.h" />
		<Unit filename="../dlib/dlib/image_transforms/spatial_filtering_abstract.h" />
		<Unit filename="../dlib/dlib/image_transforms/thresholding.h" />
		<Unit filename="../dlib/dlib/image_transforms/thresholding_abstract.h" />
		<Unit filename="../dlib/dlib/interfaces/cmd_line_parser_option.h" />
		<Unit filename="../dlib/dlib/interfaces/enumerable.h" />
		<Unit filename="../dlib/dlib/interfaces/map_pair.h" />
		<Unit filename="../dlib/dlib/interfaces/remover.h" />
		<Unit filename="../dlib/dlib/iosockstream.h" />
		<Unit filename="../dlib/dlib/iosockstream/iosockstream.h" />
		<Unit filename="../dlib/dlib/iosockstream/iosockstream_abstract.h" />
		<Unit filename="../dlib/dlib/is_kind.h" />
		<Unit filename="../dlib/dlib/linker.h" />
		<Unit filename="../dlib/dlib/linker/linker_kernel_1.h" />
		<Unit filename="../dlib/dlib/linker/linker_kernel_abstract.h" />
		<Unit filename="../dlib/dlib/logger.h" />
		<Unit filename="../dlib/dlib/logger/extra_logger_headers.h" />
		<Unit filename="../dlib/dlib/logger/logger_config_file.h" />
		<Unit filename="../dlib/dlib/logger/logger_kernel_1.h" />
		<Unit filename="../dlib/dlib/logger/logger_kernel_abstract.h" />
		<Unit filename="../dlib/dlib/lsh.h" />
		<Unit filename="../dlib/dlib/lsh/create_random_projection_hash.h" />
		<Unit filename="../dlib/dlib/lsh/create_random_projection_hash_abstract.h" />
		<Unit filename="../dlib/dlib/lsh/hashes.h" />
		<Unit filename="../dlib/dlib/lsh/hashes_abstract.h" />
		<Unit filename="../dlib/dlib/lsh/projection_hash.h" />
		<Unit filename="../dlib/dlib/lsh/projection_hash_abstract.h" />
		<Unit filename="../dlib/dlib/lz77_buffer.h" />
		<Unit filename="../dlib/dlib/lz77_buffer/lz77_buffer_kernel_1.h" />
		<Unit filename="../dlib/dlib/lz77_buffer/lz77_buffer_kernel_2.h" />
		<Unit filename="../dlib/dlib/lz77_buffer/lz77_buffer_kernel_abstract.h" />
		<Unit filename="../dlib/dlib/lz77_buffer/lz77_buffer_kernel_c.h" />
		<Unit filename="../dlib/dlib/lzp_buffer.h" />
		<Unit filename="../dlib/dlib/lzp_buffer/lzp_buffer_kernel_1.h" />
		<Unit filename="../dlib/dlib/lzp_buffer/lzp_buffer_kernel_2.h" />
		<Unit filename="../dlib/dlib/lzp_buffer/lzp_buffer_kernel_abstract.h" />
		<Unit filename="../dlib/dlib/lzp_buffer/lzp_buffer_kernel_c.h" />
		<Unit filename="../dlib/dlib/manifold_regularization.h" />
		<Unit filename="../dlib/dlib/manifold_regularization/linear_manifold_regularizer.h" />
		<Unit filename="../dlib/dlib/manifold_regularization/linear_manifold_regularizer_abstract.h" />
		<Unit filename="../dlib/dlib/map.h" />
		<Unit filename="../dlib/dlib/map/map_kernel_1.h" />
		<Unit filename="../dlib/dlib/map/map_kernel_abstract.h" />
		<Unit filename="../dlib/dlib/map/map_kernel_c.h" />
		<Unit filename="../dlib/dlib/matlab/call_matlab.h" />
		<Unit filename="../dlib/dlib/matlab/subprocess_stream.h" />
		<Unit filename="../dlib/dlib/matrix.h" />
		<Unit filename="../dlib/dlib/matrix/cblas_constants.h" />
		<Unit filename="../dlib/dlib/matrix/lapack/fortran_id.h" />
		<Unit filename="../dlib/dlib/matrix/lapack/gees.h" />
		<Unit filename="../dlib/dlib/matrix/lapack/geev.h" />
		<Unit filename="../dlib/dlib/matrix/lapack/geqrf.h" />
		<Unit filename="../dlib/dlib/matrix/lapack/gesdd.h" />
		<Unit filename="../dlib/dlib/matrix/lapack/gesvd.h" />
		<Unit filename="../dlib/dlib/matrix/lapack/getrf.h" />
		<Unit filename="../dlib/dlib/matrix/lapack/ormqr.h" />
		<Unit filename="../dlib/dlib/matrix/lapack/potrf.h" />
		<Unit filename="../dlib/dlib/matrix/lapack/syev.h" />
		<Unit filename="../dlib/dlib/matrix/lapack/syevr.h" />
		<Unit filename="../dlib/dlib/matrix/matrix.h" />
		<Unit filename="../dlib/dlib/matrix/matrix_abstract.h" />
		<Unit filename="../dlib/dlib/matrix/matrix_assign.h" />
		<Unit filename="../dlib/dlib/matrix/matrix_assign_fwd.h" />
		<Unit filename="../dlib/dlib/matrix/matrix_blas_bindings.h" />
		<Unit filename="../dlib/dlib/matrix/matrix_cholesky.h" />
		<Unit filename="../dlib/dlib/matrix/matrix_conj_trans.h" />
		<Unit filename="../dlib/dlib/matrix/matrix_conv.h" />
		<Unit filename="../dlib/dlib/matrix/matrix_conv_abstract.h" />
		<Unit filename="../dlib/dlib/matrix/matrix_data_layout.h" />
		<Unit filename="../dlib/dlib/matrix/matrix_data_layout_abstract.h" />
		<Unit filename="../dlib/dlib/matrix/matrix_default_mul.h" />
		<Unit filename="../dlib/dlib/matrix/matrix_eigenvalue.h" />
		<Unit filename="../dlib/dlib/matrix/matrix_exp.h" />
		<Unit filename="../dlib/dlib/matrix/matrix_exp_abstract.h" />
		<Unit filename="../dlib/dlib/matrix/matrix_expressions.h" />
		<Unit filename="../dlib/dlib/matrix/matrix_fft.h" />
		<Unit filename="../dlib/dlib/matrix/matrix_fft_abstract.h" />
		<Unit filename="../dlib/dlib/matrix/matrix_fwd.h" />
		<Unit filename="../dlib/dlib/matrix/matrix_generic_image.h" />
		<Unit filename="../dlib/dlib/matrix/matrix_la.h" />
		<Unit filename="../dlib/dlib/matrix/matrix_la_abstract.h" />
		<Unit filename="../dlib/dlib/matrix/matrix_lu.h" />
		<Unit filename="../dlib/dlib/matrix/matrix_mat.h" />
		<Unit filename="../dlib/dlib/matrix/matrix_mat_abstract.h" />
		<Unit filename="../dlib/dlib/matrix/matrix_math_functions.h" />
		<Unit filename="../dlib/dlib/matrix/matrix_math_functions_abstract.h" />
		<Unit filename="../dlib/dlib/matrix/matrix_op.h" />
		<Unit filename="../dlib/dlib/matrix/matrix_qr.h" />
		<Unit filename="../dlib/dlib/matrix/matrix_read_from_istream.h" />
		<Unit filename="../dlib/dlib/matrix/matrix_subexp.h" />
		<Unit filename="../dlib/dlib/matrix/matrix_subexp_abstract.h" />
		<Unit filename="../dlib/dlib/matrix/matrix_trsm.h" />
		<Unit filename="../dlib/dlib/matrix/matrix_utilities.h" />
		<Unit filename="../dlib/dlib/matrix/matrix_utilities_abstract.h" />
		<Unit filename="../dlib/dlib/matrix/symmetric_matrix_cache.h" />
		<Unit filename="../dlib/dlib/matrix/symmetric_matrix_cache_abstract.h" />
		<Unit filename="../dlib/dlib/md5.h" />
		<Unit filename="../dlib/dlib/md5/md5_kernel_1.h" />
		<Unit filename="../dlib/dlib/md5/md5_kernel_abstract.h" />
		<Unit filename="../dlib/dlib/member_function_pointer.h" />
		<Unit filename="../dlib/dlib/member_function_pointer/make_mfp.h" />
		<Unit filename="../dlib/dlib/member_function_pointer/make_mfp_abstract.h" />
		<Unit filename="../dlib/dlib/member_function_pointer/member_function_pointer_kernel_1.h" />
		<Unit filename="../dlib/dlib/member_function_pointer/member_function_pointer_kernel_abstract.h" />
		<Unit filename="../dlib/dlib/memory_manager.h" />
		<Unit filename="../dlib/dlib/memory_manager/memory_manager_kernel_1.h" />
		<Unit filename="../dlib/dlib/memory_manager/memory_manager_kernel_2.h" />
		<Unit filename="../dlib/dlib/memory_manager/memory_manager_kernel_3.h" />
		<Unit filename="../dlib/dlib/memory_manager/memory_manager_kernel_abstract.h" />
		<Unit filename="../dlib/dlib/memory_manager_global.h" />
		<Unit filename="../dlib/dlib/memory_manager_global/memory_manager_global_kernel_1.h" />
		<Unit filename="../dlib/dlib/memory_manager_global/memory_manager_global_kernel_abstract.h" />
		<Unit filename="../dlib/dlib/memory_manager_stateless.h" />
		<Unit filename="../dlib/dlib/memory_manager_stateless/memory_manager_stateless_kernel_1.h" />
		<Unit filename="../dlib/dlib/memory_manager_stateless/memory_manager_stateless_kernel_2.h" />
		<Unit filename="../dlib/dlib/memory_manager_stateless/memory_manager_stateless_kernel_abstract.h" />
		<Unit filename="../dlib/dlib/misc_api.h" />
		<Unit filename="../dlib/dlib/misc_api/misc_api_kernel_1.h" />
		<Unit filename="../dlib/dlib/misc_api/misc_api_kernel_2.h" />
		<Unit filename="../dlib/dlib/misc_api/misc_api_kernel_abstract.h" />
		<Unit filename="../dlib/dlib/misc_api/misc_api_shared.h" />
		<Unit filename="../dlib/dlib/misc_api/posix.h" />
		<Unit filename="../dlib/dlib/misc_api/windows.h" />
		<Unit filename="../dlib/dlib/mlp.h" />
		<Unit filename="../dlib/dlib/mlp/mlp_kernel_1.h" />
		<Unit filename="../dlib/dlib/mlp/mlp_kernel_abstract.h" />
		<Unit filename="../dlib/dlib/mlp/mlp_kernel_c.h" />
		<Unit filename="../dlib/dlib/noncopyable.h" />
		<Unit filename="../dlib/dlib/numeric_constants.h" />
		<Unit filename="../dlib/dlib/numerical_integration.h" />
		<Unit filename="../dlib/dlib/numerical_integration/integrate_function_adapt_simpson.h" />
		<Unit filename="../dlib/dlib/numerical_integration/integrate_function_adapt_simpson_abstract.h" />
		<Unit filename="../dlib/dlib/opencv.h" />
		<Unit filename="../dlib/dlib/opencv/cv_image.h" />
		<Unit filename="../dlib/dlib/opencv/cv_image_abstract.h" />
		<Unit filename="../dlib/dlib/opencv/to_open_cv.h" />
		<Unit filename="../dlib/dlib/opencv/to_open_cv_abstract.h" />
		<Unit filename="../dlib/dlib/optimization.h" />
		<Unit filename="../dlib/dlib/optimization/elastic_net.h" />
		<Unit filename="../dlib/dlib/optimization/elastic_net_abstract.h" />
		<Unit filename="../dlib/dlib/optimization/find_max_factor_graph_nmplp.h" />
		<Unit filename="../dlib/dlib/optimization/find_max_factor_graph_nmplp_abstract.h" />
		<Unit filename="../dlib/dlib/optimization/find_max_factor_graph_viterbi.h" />
		<Unit filename="../dlib/dlib/optimization/find_max_factor_graph_viterbi_abstract.h" />
		<Unit filename="../dlib/dlib/optimization/find_max_parse_cky.h" />
		<Unit filename="../dlib/dlib/optimization/find_max_parse_cky_abstract.h" />
		<Unit filename="../dlib/dlib/optimization/find_optimal_parameters.h" />
		<Unit filename="../dlib/dlib/optimization/find_optimal_parameters_abstract.h" />
		<Unit filename="../dlib/dlib/optimization/max_cost_assignment.h" />
		<Unit filename="../dlib/dlib/optimization/max_cost_assignment_abstract.h" />
		<Unit filename="../dlib/dlib/optimization/max_sum_submatrix.h" />
		<Unit filename="../dlib/dlib/optimization/max_sum_submatrix_abstract.h" />
		<Unit filename="../dlib/dlib/optimization/optimization.h" />
		<Unit filename="../dlib/dlib/optimization/optimization_abstract.h" />
		<Unit filename="../dlib/dlib/optimization/optimization_bobyqa.h" />
		<Unit filename="../dlib/dlib/optimization/optimization_bobyqa_abstract.h" />
		<Unit filename="../dlib/dlib/optimization/optimization_least_squares.h" />
		<Unit filename="../dlib/dlib/optimization/optimization_least_squares_abstract.h" />
		<Unit filename="../dlib/dlib/optimization/optimization_line_search.h" />
		<Unit filename="../dlib/dlib/optimization/optimization_line_search_abstract.h" />
		<Unit filename="../dlib/dlib/optimization/optimization_oca.h" />
		<Unit filename="../dlib/dlib/optimization/optimization_oca_abstract.h" />
		<Unit filename="../dlib/dlib/optimization/optimization_search_strategies.h" />
		<Unit filename="../dlib/dlib/optimization/optimization_search_strategies_abstract.h" />
		<Unit filename="../dlib/dlib/optimization/optimization_solve_qp2_using_smo.h" />
		<Unit filename="../dlib/dlib/optimization/optimization_solve_qp2_using_smo_abstract.h" />
		<Unit filename="../dlib/dlib/optimization/optimization_solve_qp3_using_smo.h" />
		<Unit filename="../dlib/dlib/optimization/optimization_solve_qp3_using_smo_abstract.h" />
		<Unit filename="../dlib/dlib/optimization/optimization_solve_qp_using_smo.h" />
		<Unit filename="../dlib/dlib/optimization/optimization_solve_qp_using_smo_abstract.h" />
		<Unit filename="../dlib/dlib/optimization/optimization_stop_strategies.h" />
		<Unit filename="../dlib/dlib/optimization/optimization_stop_strategies_abstract.h" />
		<Unit filename="../dlib/dlib/optimization/optimization_trust_region.h" />
		<Unit filename="../dlib/dlib/optimization/optimization_trust_region_abstract.h" />
		<Unit filename="../dlib/dlib/pipe.h" />
		<Unit filename="../dlib/dlib/pipe/pipe_kernel_1.h" />
		<Unit filename="../dlib/dlib/pipe/pipe_kernel_abstract.h" />
		<Unit filename="../dlib/dlib/pixel.h" />
		<Unit filename="../dlib/dlib/platform.h" />
		<Unit filename="../dlib/dlib/python.h" />
		<Unit filename="../dlib/dlib/python/boost_python_utils.h" />
		<Unit filename="../dlib/dlib/python/numpy.h" />
		<Unit filename="../dlib/dlib/python/numpy_image.h" />
		<Unit filename="../dlib/dlib/python/pyassert.h" />
		<Unit filename="../dlib/dlib/python/serialize_pickle.h" />
		<Unit filename="../dlib/dlib/quantum_computing.h" />
		<Unit filename="../dlib/dlib/quantum_computing/quantum_computing.h" />
		<Unit filename="../dlib/dlib/quantum_computing/quantum_computing_abstract.h" />
		<Unit filename="../dlib/dlib/queue.h" />
		<Unit filename="../dlib/dlib/queue/queue_kernel_1.h" />
		<Unit filename="../dlib/dlib/queue/queue_kernel_2.h" />
		<Unit filename="../dlib/dlib/queue/queue_kernel_abstract.h" />
		<Unit filename="../dlib/dlib/queue/queue_kernel_c.h" />
		<Unit filename="../dlib/dlib/queue/queue_sort_1.h" />
		<Unit filename="../dlib/dlib/queue/queue_sort_abstract.h" />
		<Unit filename="../dlib/dlib/rand.h" />
		<Unit filename="../dlib/dlib/rand/mersenne_twister.h" />
		<Unit filename="../dlib/dlib/rand/rand_kernel_1.h" />
		<Unit filename="../dlib/dlib/rand/rand_kernel_abstract.h" />
		<Unit filename="../dlib/dlib/ref.h" />
		<Unit filename="../dlib/dlib/reference_counter.h" />
		<Unit filename="../dlib/dlib/reference_counter/reference_counter_kernel_1.h" />
		<Unit filename="../dlib/dlib/reference_counter/reference_counter_kernel_abstract.h" />
		<Unit filename="../dlib/dlib/sequence.h" />
		<Unit filename="../dlib/dlib/sequence/sequence_compare_1.h" />
		<Unit filename="../dlib/dlib/sequence/sequence_compare_abstract.h" />
		<Unit filename="../dlib/dlib/sequence/sequence_kernel_1.h" />
		<Unit filename="../dlib/dlib/sequence/sequence_kernel_2.h" />
		<Unit filename="../dlib/dlib/sequence/sequence_kernel_abstract.h" />
		<Unit filename="../dlib/dlib/sequence/sequence_kernel_c.h" />
		<Unit filename="../dlib/dlib/sequence/sequence_sort_1.h" />
		<Unit filename="../dlib/dlib/sequence/sequence_sort_2.h" />
		<Unit filename="../dlib/dlib/sequence/sequence_sort_abstract.h" />
		<Unit filename="../dlib/dlib/serialize.h" />
		<Unit filename="../dlib/dlib/server.h" />
		<Unit filename="../dlib/dlib/server/server_http.h" />
		<Unit filename="../dlib/dlib/server/server_http_abstract.h" />
		<Unit filename="../dlib/dlib/server/server_iostream.h" />
		<Unit filename="../dlib/dlib/server/server_iostream_abstract.h" />
		<Unit filename="../dlib/dlib/server/server_kernel.h" />
		<Unit filename="../dlib/dlib/server/server_kernel_abstract.h" />
		<Unit filename="../dlib/dlib/set.h" />
		<Unit filename="../dlib/dlib/set/set_compare_1.h" />
		<Unit filename="../dlib/dlib/set/set_compare_abstract.h" />
		<Unit filename="../dlib/dlib/set/set_kernel_1.h" />
		<Unit filename="../dlib/dlib/set/set_kernel_abstract.h" />
		<Unit filename="../dlib/dlib/set/set_kernel_c.h" />
		<Unit filename="../dlib/dlib/set_utils.h" />
		<Unit filename="../dlib/dlib/set_utils/set_utils.h" />
		<Unit filename="../dlib/dlib/set_utils/set_utils_abstract.h" />
		<Unit filename="../dlib/dlib/simd.h" />
		<Unit filename="../dlib/dlib/simd/simd4f.h" />
		<Unit filename="../dlib/dlib/simd/simd4i.h" />
		<Unit filename="../dlib/dlib/simd/simd8f.h" />
		<Unit filename="../dlib/dlib/simd/simd8i.h" />
		<Unit filename="../dlib/dlib/simd/simd_check.h" />
		<Unit filename="../dlib/dlib/sliding_buffer.h" />
		<Unit filename="../dlib/dlib/sliding_buffer/circular_buffer.h" />
		<Unit filename="../dlib/dlib/sliding_buffer/circular_buffer_abstract.h" />
		<Unit filename="../dlib/dlib/sliding_buffer/sliding_buffer_kernel_1.h" />
		<Unit filename="../dlib/dlib/sliding_buffer/sliding_buffer_kernel_abstract.h" />
		<Unit filename="../dlib/dlib/sliding_buffer/sliding_buffer_kernel_c.h" />
		<Unit filename="../dlib/dlib/smart_pointers.h" />
		<Unit filename="../dlib/dlib/smart_pointers/scoped_ptr.h" />
		<Unit filename="../dlib/dlib/smart_pointers/shared_ptr.h" />
		<Unit filename="../dlib/dlib/smart_pointers/shared_ptr_abstract.h" />
		<Unit filename="../dlib/dlib/smart_pointers/shared_ptr_thread_safe.h" />
		<Unit filename="../dlib/dlib/smart_pointers/shared_ptr_thread_safe_abstract.h" />
		<Unit filename="../dlib/dlib/smart_pointers/weak_ptr.h" />
		<Unit filename="../dlib/dlib/smart_pointers/weak_ptr_abstract.h" />
		<Unit filename="../dlib/dlib/smart_pointers_thread_safe.h" />
		<Unit filename="../dlib/dlib/sockets.h" />
		<Unit filename="../dlib/dlib/sockets/posix.h" />
		<Unit filename="../dlib/dlib/sockets/sockets_extensions.h" />
		<Unit filename="../dlib/dlib/sockets/sockets_extensions_abstract.h" />
		<Unit filename="../dlib/dlib/sockets/sockets_kernel_1.h" />
		<Unit filename="../dlib/dlib/sockets/sockets_kernel_2.h" />
		<Unit filename="../dlib/dlib/sockets/sockets_kernel_abstract.h" />
		<Unit filename="../dlib/dlib/sockets/windows.h" />
		<Unit filename="../dlib/dlib/sockstreambuf.h" />
		<Unit filename="../dlib/dlib/sockstreambuf/sockstreambuf.h" />
		<Unit filename="../dlib/dlib/sockstreambuf/sockstreambuf_abstract.h" />
		<Unit filename="../dlib/dlib/sockstreambuf/sockstreambuf_unbuffered.h" />
		<Unit filename="../dlib/dlib/sort.h" />
		<Unit filename="../dlib/dlib/sparse_vector.h" />
		<Unit filename="../dlib/dlib/sqlite.h" />
		<Unit filename="../dlib/dlib/sqlite/sqlite.h" />
		<Unit filename="../dlib/dlib/sqlite/sqlite_abstract.h" />
		<Unit filename="../dlib/dlib/sqlite/sqlite_tools.h" />
		<Unit filename="../dlib/dlib/sqlite/sqlite_tools_abstract.h" />
		<Unit filename="../dlib/dlib/stack.h" />
		<Unit filename="../dlib/dlib/stack/stack_kernel_1.h" />
		<Unit filename="../dlib/dlib/stack/stack_kernel_abstract.h" />
		<Unit filename="../dlib/dlib/stack/stack_kernel_c.h" />
		<Unit filename="../dlib/dlib/stack_trace.h" />
		<Unit filename="../dlib/dlib/static_map.h" />
		<Unit filename="../dlib/dlib/static_map/static_map_kernel_1.h" />
		<Unit filename="../dlib/dlib/static_map/static_map_kernel_abstract.h" />
		<Unit filename="../dlib/dlib/static_map/static_map_kernel_c.h" />
		<Unit filename="../dlib/dlib/static_set.h" />
		<Unit filename="../dlib/dlib/static_set/static_set_compare_1.h" />
		<Unit filename="../dlib/dlib/static_set/static_set_compare_abstract.h" />
		<Unit filename="../dlib/dlib/static_set/static_set_kernel_1.h" />
		<Unit filename="../dlib/dlib/static_set/static_set_kernel_abstract.h" />
		<Unit filename="../dlib/dlib/static_set/static_set_kernel_c.h" />
		<Unit filename="../dlib/dlib/statistics.h" />
		<Unit filename="../dlib/dlib/statistics/average_precision.h" />
		<Unit filename="../dlib/dlib/statistics/average_precision_abstract.h" />
		<Unit filename="../dlib/dlib/statistics/cca.h" />
		<Unit filename="../dlib/dlib/statistics/cca_abstract.h" />
		<Unit filename="../dlib/dlib/statistics/dpca.h" />
		<Unit filename="../dlib/dlib/statistics/dpca_abstract.h" />
		<Unit filename="../dlib/dlib/statistics/image_feature_sampling.h" />
		<Unit filename="../dlib/dlib/statistics/image_feature_sampling_abstract.h" />
		<Unit filename="../dlib/dlib/statistics/lda.h" />
		<Unit filename="../dlib/dlib/statistics/lda_abstract.h" />
		<Unit filename="../dlib/dlib/statistics/random_subset_selector.h" />
		<Unit filename="../dlib/dlib/statistics/random_subset_selector_abstract.h" />
		<Unit filename="../dlib/dlib/statistics/running_gradient.h" />
		<Unit filename="../dlib/dlib/statistics/running_gradient_abstract.h" />
		<Unit filename="../dlib/dlib/statistics/sammon.h" />
		<Unit filename="../dlib/dlib/statistics/sammon_abstract.h" />
		<Unit filename="../dlib/dlib/statistics/statistics.h" />
		<Unit filename="../dlib/dlib/statistics/statistics_abstract.h" />
		<Unit filename="../dlib/dlib/statistics/vector_normalizer_frobmetric.h" />
		<Unit filename="../dlib/dlib/statistics/vector_normalizer_frobmetric_abstract.h" />
		<Unit filename="../dlib/dlib/std_allocator.h" />
		<Unit filename="../dlib/dlib/stl_checked.h" />
		<Unit filename="../dlib/dlib/stl_checked/std_vector_c.h" />
		<Unit filename="../dlib/dlib/stl_checked/std_vector_c_abstract.h" />
		<Unit filename="../dlib/dlib/string.h" />
		<Unit filename="../dlib/dlib/string/string.h" />
		<Unit filename="../dlib/dlib/string/string_abstract.h" />
		<Unit filename="../dlib/dlib/svm.h" />
		<Unit filename="../dlib/dlib/svm/active_learning.h" />
		<Unit filename="../dlib/dlib/svm/active_learning_abstract.h" />
		<Unit filename="../dlib/dlib/svm/assignment_function.h" />
		<Unit filename="../dlib/dlib/svm/assignment_function_abstract.h" />
		<Unit filename="../dlib/dlib/svm/cross_validate_assignment_trainer.h" />
		<Unit filename="../dlib/dlib/svm/cross_validate_assignment_trainer_abstract.h" />
		<Unit filename="../dlib/dlib/svm/cross_validate_graph_labeling_trainer.h" />
		<Unit filename="../dlib/dlib/svm/cross_validate_graph_labeling_trainer_abstract.h" />
		<Unit filename="../dlib/dlib/svm/cross_validate_multiclass_trainer.h" />
		<Unit filename="../dlib/dlib/svm/cross_validate_multiclass_trainer_abstract.h" />
		<Unit filename="../dlib/dlib/svm/cross_validate_object_detection_trainer.h" />
		<Unit filename="../dlib/dlib/svm/cross_validate_object_detection_trainer_abstract.h" />
		<Unit filename="../dlib/dlib/svm/cross_validate_regression_trainer.h" />
		<Unit filename="../dlib/dlib/svm/cross_validate_regression_trainer_abstract.h" />
		<Unit filename="../dlib/dlib/svm/cross_validate_sequence_labeler.h" />
		<Unit filename="../dlib/dlib/svm/cross_validate_sequence_labeler_abstract.h" />
		<Unit filename="../dlib/dlib/svm/cross_validate_sequence_segmenter.h" />
		<Unit filename="../dlib/dlib/svm/cross_validate_sequence_segmenter_abstract.h" />
		<Unit filename="../dlib/dlib/svm/cross_validate_track_association_trainer.h" />
		<Unit filename="../dlib/dlib/svm/cross_validate_track_association_trainer_abstract.h" />
		<Unit filename="../dlib/dlib/svm/empirical_kernel_map.h" />
		<Unit filename="../dlib/dlib/svm/empirical_kernel_map_abstract.h" />
		<Unit filename="../dlib/dlib/svm/feature_ranking.h" />
		<Unit filename="../dlib/dlib/svm/feature_ranking_abstract.h" />
		<Unit filename="../dlib/dlib/svm/function.h" />
		<Unit filename="../dlib/dlib/svm/function_abstract.h" />
		<Unit filename="../dlib/dlib/svm/kcentroid.h" />
		<Unit filename="../dlib/dlib/svm/kcentroid_abstract.h" />
		<Unit filename="../dlib/dlib/svm/kcentroid_overloads.h" />
		<Unit filename="../dlib/dlib/svm/kernel.h" />
		<Unit filename="../dlib/dlib/svm/kernel_abstract.h" />
		<Unit filename="../dlib/dlib/svm/kernel_matrix.h" />
		<Unit filename="../dlib/dlib/svm/kernel_matrix_abstract.h" />
		<Unit filename="../dlib/dlib/svm/kkmeans.h" />
		<Unit filename="../dlib/dlib/svm/kkmeans_abstract.h" />
		<Unit filename="../dlib/dlib/svm/krls.h" />
		<Unit filename="../dlib/dlib/svm/krls_abstract.h" />
		<Unit filename="../dlib/dlib/svm/krr_trainer.h" />
		<Unit filename="../dlib/dlib/svm/krr_trainer_abstract.h" />
		<Unit filename="../dlib/dlib/svm/linearly_independent_subset_finder.h" />
		<Unit filename="../dlib/dlib/svm/linearly_independent_subset_finder_abstract.h" />
		<Unit filename="../dlib/dlib/svm/multiclass_tools.h" />
		<Unit filename="../dlib/dlib/svm/multiclass_tools_abstract.h" />
		<Unit filename="../dlib/dlib/svm/null_df.h" />
		<Unit filename="../dlib/dlib/svm/null_trainer.h" />
		<Unit filename="../dlib/dlib/svm/null_trainer_abstract.h" />
		<Unit filename="../dlib/dlib/svm/num_nonnegative_weights.h" />
		<Unit filename="../dlib/dlib/svm/one_vs_all_decision_function.h" />
		<Unit filename="../dlib/dlib/svm/one_vs_all_decision_function_abstract.h" />
		<Unit filename="../dlib/dlib/svm/one_vs_all_trainer.h" />
		<Unit filename="../dlib/dlib/svm/one_vs_all_trainer_abstract.h" />
		<Unit filename="../dlib/dlib/svm/one_vs_one_decision_function.h" />
		<Unit filename="../dlib/dlib/svm/one_vs_one_decision_function_abstract.h" />
		<Unit filename="../dlib/dlib/svm/one_vs_one_trainer.h" />
		<Unit filename="../dlib/dlib/svm/one_vs_one_trainer_abstract.h" />
		<Unit filename="../dlib/dlib/svm/pegasos.h" />
		<Unit filename="../dlib/dlib/svm/pegasos_abstract.h" />
		<Unit filename="../dlib/dlib/svm/ranking_tools.h" />
		<Unit filename="../dlib/dlib/svm/ranking_tools_abstract.h" />
		<Unit filename="../dlib/dlib/svm/rbf_network.h" />
		<Unit filename="../dlib/dlib/svm/rbf_network_abstract.h" />
		<Unit filename="../dlib/dlib/svm/reduced.h" />
		<Unit filename="../dlib/dlib/svm/reduced_abstract.h" />
		<Unit filename="../dlib/dlib/svm/rls.h" />
		<Unit filename="../dlib/dlib/svm/rls_abstract.h" />
		<Unit filename="../dlib/dlib/svm/roc_trainer.h" />
		<Unit filename="../dlib/dlib/svm/roc_trainer_abstract.h" />
		<Unit filename="../dlib/dlib/svm/rr_trainer.h" />
		<Unit filename="../dlib/dlib/svm/rr_trainer_abstract.h" />
		<Unit filename="../dlib/dlib/svm/rvm.h" />
		<Unit filename="../dlib/dlib/svm/rvm_abstract.h" />
		<Unit filename="../dlib/dlib/svm/sequence_labeler.h" />
		<Unit filename="../dlib/dlib/svm/sequence_labeler_abstract.h" />
		<Unit filename="../dlib/dlib/svm/sequence_segmenter.h" />
		<Unit filename="../dlib/dlib/svm/sequence_segmenter_abstract.h" />
		<Unit filename="../dlib/dlib/svm/simplify_linear_decision_function.h" />
		<Unit filename="../dlib/dlib/svm/simplify_linear_decision_function_abstract.h" />
		<Unit filename="../dlib/dlib/svm/sort_basis_vectors.h" />
		<Unit filename="../dlib/dlib/svm/sort_basis_vectors_abstract.h" />
		<Unit filename="../dlib/dlib/svm/sparse_kernel.h" />
		<Unit filename="../dlib/dlib/svm/sparse_kernel_abstract.h" />
		<Unit filename="../dlib/dlib/svm/sparse_vector.h" />
		<Unit filename="../dlib/dlib/svm/sparse_vector_abstract.h" />
		<Unit filename="../dlib/dlib/svm/structural_assignment_trainer.h" />
		<Unit filename="../dlib/dlib/svm/structural_assignment_trainer_abstract.h" />
		<Unit filename="../dlib/dlib/svm/structural_graph_labeling_trainer.h" />
		<Unit filename="../dlib/dlib/svm/structural_graph_labeling_trainer_abstract.h" />
		<Unit filename="../dlib/dlib/svm/structural_object_detection_trainer.h" />
		<Unit filename="../dlib/dlib/svm/structural_object_detection_trainer_abstract.h" />
		<Unit filename="../dlib/dlib/svm/structural_sequence_labeling_trainer.h" />
		<Unit filename="../dlib/dlib/svm/structural_sequence_labeling_trainer_abstract.h" />
		<Unit filename="../dlib/dlib/svm/structural_sequence_segmentation_trainer.h" />
		<Unit filename="../dlib/dlib/svm/structural_sequence_segmentation_trainer_abstract.h" />
		<Unit filename="../dlib/dlib/svm/structural_svm_assignment_problem.h" />
		<Unit filename="../dlib/dlib/svm/structural_svm_assignment_problem_abstract.h" />
		<Unit filename="../dlib/dlib/svm/structural_svm_distributed.h" />
		<Unit filename="../dlib/dlib/svm/structural_svm_distributed_abstract.h" />
		<Unit filename="../dlib/dlib/svm/structural_svm_graph_labeling_problem.h" />
		<Unit filename="../dlib/dlib/svm/structural_svm_graph_labeling_problem_abstract.h" />
		<Unit filename="../dlib/dlib/svm/structural_svm_object_detection_problem.h" />
		<Unit filename="../dlib/dlib/svm/structural_svm_object_detection_problem_abstract.h" />
		<Unit filename="../dlib/dlib/svm/structural_svm_problem.h" />
		<Unit filename="../dlib/dlib/svm/structural_svm_problem_abstract.h" />
		<Unit filename="../dlib/dlib/svm/structural_svm_problem_threaded.h" />
		<Unit filename="../dlib/dlib/svm/structural_svm_problem_threaded_abstract.h" />
		<Unit filename="../dlib/dlib/svm/structural_svm_sequence_labeling_problem.h" />
		<Unit filename="../dlib/dlib/svm/structural_svm_sequence_labeling_problem_abstract.h" />
		<Unit filename="../dlib/dlib/svm/structural_track_association_trainer.h" />
		<Unit filename="../dlib/dlib/svm/structural_track_association_trainer_abstract.h" />
		<Unit filename="../dlib/dlib/svm/svm.h" />
		<Unit filename="../dlib/dlib/svm/svm_abstract.h" />
		<Unit filename="../dlib/dlib/svm/svm_c_ekm_trainer.h" />
		<Unit filename="../dlib/dlib/svm/svm_c_ekm_trainer_abstract.h" />
		<Unit filename="../dlib/dlib/svm/svm_c_linear_dcd_trainer.h" />
		<Unit filename="../dlib/dlib/svm/svm_c_linear_dcd_trainer_abstract.h" />
		<Unit filename="../dlib/dlib/svm/svm_c_linear_trainer.h" />
		<Unit filename="../dlib/dlib/svm/svm_c_linear_trainer_abstract.h" />
		<Unit filename="../dlib/dlib/svm/svm_c_trainer.h" />
		<Unit filename="../dlib/dlib/svm/svm_c_trainer_abstract.h" />
		<Unit filename="../dlib/dlib/svm/svm_multiclass_linear_trainer.h" />
		<Unit filename="../dlib/dlib/svm/svm_multiclass_linear_trainer_abstract.h" />
		<Unit filename="../dlib/dlib/svm/svm_nu_trainer.h" />
		<Unit filename="../dlib/dlib/svm/svm_nu_trainer_abstract.h" />
		<Unit filename="../dlib/dlib/svm/svm_one_class_trainer.h" />
		<Unit filename="../dlib/dlib/svm/svm_one_class_trainer_abstract.h" />
		<Unit filename="../dlib/dlib/svm/svm_rank_trainer.h" />
		<Unit filename="../dlib/dlib/svm/svm_rank_trainer_abstract.h" />
		<Unit filename="../dlib/dlib/svm/svm_threaded.h" />
		<Unit filename="../dlib/dlib/svm/svm_threaded_abstract.h" />
		<Unit filename="../dlib/dlib/svm/svr_linear_trainer.h" />
		<Unit filename="../dlib/dlib/svm/svr_linear_trainer_abstract.h" />
		<Unit filename="../dlib/dlib/svm/svr_trainer.h" />
		<Unit filename="../dlib/dlib/svm/svr_trainer_abstract.h" />
		<Unit filename="../dlib/dlib/svm/track_association_function.h" />
		<Unit filename="../dlib/dlib/svm/track_association_function_abstract.h" />
		<Unit filename="../dlib/dlib/svm_threaded.h" />
		<Unit filename="../dlib/dlib/sync_extension.h" />
		<Unit filename="../dlib/dlib/sync_extension/sync_extension_kernel_1.h" />
		<Unit filename="../dlib/dlib/sync_extension/sync_extension_kernel_abstract.h" />
		<Unit filename="../dlib/dlib/test/binary_search_tree.h" />
		<Unit filename="../dlib/dlib/test/checkerboard.h" />
		<Unit filename="../dlib/dlib/test/cmd_line_parser.h" />
		<Unit filename="../dlib/dlib/test/conditioning_class.h" />
		<Unit filename="../dlib/dlib/test/create_iris_datafile.h" />
		<Unit filename="../dlib/dlib/test/optimization_test_functions.h" />
		<Unit filename="../dlib/dlib/test/tester.h" />
		<Unit filename="../dlib/dlib/threads.h" />
		<Unit filename="../dlib/dlib/threads/async.h" />
		<Unit filename="../dlib/dlib/threads/async_abstract.h" />
		<Unit filename="../dlib/dlib/threads/auto_mutex_extension.h" />
		<Unit filename="../dlib/dlib/threads/auto_mutex_extension_abstract.h" />
		<Unit filename="../dlib/dlib/threads/auto_unlock_extension.h" />
		<Unit filename="../dlib/dlib/threads/auto_unlock_extension_abstract.h" />
		<Unit filename="../dlib/dlib/threads/create_new_thread_extension.h" />
		<Unit filename="../dlib/dlib/threads/create_new_thread_extension_abstract.h" />
		<Unit filename="../dlib/dlib/threads/multithreaded_object_extension.h" />
		<Unit filename="../dlib/dlib/threads/multithreaded_object_extension_abstract.h" />
		<Unit filename="../dlib/dlib/threads/parallel_for_extension.h" />
		<Unit filename="../dlib/dlib/threads/parallel_for_extension_abstract.h" />
		<Unit filename="../dlib/dlib/threads/posix.h" />
		<Unit filename="../dlib/dlib/threads/read_write_mutex_extension.h" />
		<Unit filename="../dlib/dlib/threads/read_write_mutex_extension_abstract.h" />
		<Unit filename="../dlib/dlib/threads/rmutex_extension.h" />
		<Unit filename="../dlib/dlib/threads/rmutex_extension_abstract.h" />
		<Unit filename="../dlib/dlib/threads/rsignaler_extension.h" />
		<Unit filename="../dlib/dlib/threads/rsignaler_extension_abstract.h" />
		<Unit filename="../dlib/dlib/threads/thread_function_extension.h" />
		<Unit filename="../dlib/dlib/threads/thread_function_extension_abstract.h" />
		<Unit filename="../dlib/dlib/threads/thread_pool_extension.h" />
		<Unit filename="../dlib/dlib/threads/thread_pool_extension_abstract.h" />
		<Unit filename="../dlib/dlib/threads/thread_specific_data_extension.h" />
		<Unit filename="../dlib/dlib/threads/thread_specific_data_extension_abstract.h" />
		<Unit filename="../dlib/dlib/threads/threaded_object_extension.h" />
		<Unit filename="../dlib/dlib/threads/threaded_object_extension_abstract.h" />
		<Unit filename="../dlib/dlib/threads/threads_kernel.h" />
		<Unit filename="../dlib/dlib/threads/threads_kernel_1.h" />
		<Unit filename="../dlib/dlib/threads/threads_kernel_2.h" />
		<Unit filename="../dlib/dlib/threads/threads_kernel_abstract.h" />
		<Unit filename="../dlib/dlib/threads/threads_kernel_shared.h" />
		<Unit filename="../dlib/dlib/threads/windows.h" />
		<Unit filename="../dlib/dlib/time_this.h" />
		<Unit filename="../dlib/dlib/timeout.h" />
		<Unit filename="../dlib/dlib/timeout/timeout.h" />
		<Unit filename="../dlib/dlib/timeout/timeout_abstract.h" />
		<Unit filename="../dlib/dlib/timer.h" />
		<Unit filename="../dlib/dlib/timer/timer.h" />
		<Unit filename="../dlib/dlib/timer/timer_abstract.h" />
		<Unit filename="../dlib/dlib/timer/timer_heavy.h" />
		<Unit filename="../dlib/dlib/timing.h" />
		<Unit filename="../dlib/dlib/tokenizer.h" />
		<Unit filename="../dlib/dlib/tokenizer/tokenizer_kernel_1.h" />
		<Unit filename="../dlib/dlib/tokenizer/tokenizer_kernel_abstract.h" />
		<Unit filename="../dlib/dlib/tokenizer/tokenizer_kernel_c.h" />
		<Unit filename="../dlib/dlib/tuple.h" />
		<Unit filename="../dlib/dlib/tuple/tuple.h" />
		<Unit filename="../dlib/dlib/tuple/tuple_abstract.h" />
		<Unit filename="../dlib/dlib/type_safe_union.h" />
		<Unit filename="../dlib/dlib/type_safe_union/type_safe_union_kernel.h" />
		<Unit filename="../dlib/dlib/type_safe_union/type_safe_union_kernel_abstract.h" />
		<Unit filename="../dlib/dlib/uintn.h" />
		<Unit filename="../dlib/dlib/unicode.h" />
		<Unit filename="../dlib/dlib/unicode/unicode.h" />
		<Unit filename="../dlib/dlib/unicode/unicode_abstract.h" />
		<Unit filename="../dlib/dlib/unordered_pair.h" />
		<Unit filename="../dlib/dlib/vectorstream.h" />
		<Unit filename="../dlib/dlib/vectorstream/unserialize.h" />
		<Unit filename="../dlib/dlib/vectorstream/unserialize_abstract.h" />
		<Unit filename="../dlib/dlib/vectorstream/vectorstream.h" />
		<Unit filename="../dlib/dlib/vectorstream/vectorstream_abstract.h" />
		<Unit filename="../dlib/dlib/windows_magic.h" />
		<Unit filename="../dlib/dlib/xml_parser.h" />
		<Unit filename="../dlib/dlib/xml_parser/xml_parser_kernel_1.h" />
		<Unit filename="../dlib/dlib/xml_parser/xml_parser_kernel_abstract.h" />
		<Unit filename="../dlib/dlib/xml_parser/xml_parser_kernel_interfaces.h" />
		<Unit filename="../dlib/tools/htmlify/to_xml.h" />
		<Unit filename="../dlib/tools/imglab/src/cluster.h" />
		<Unit filename="../dlib/tools/imglab/src/common.h" />
		<Unit filename="../dlib/tools/imglab/src/convert_idl.h" />
		<Unit filename="../dlib/tools/imglab/src/convert_pascal_v1.h" />
		<Unit filename="../dlib/tools/imglab/src/convert_pascal_xml.h" />
		<Unit filename="../dlib/tools/imglab/src/metadata_editor.h" />
		<Unit filename="../dlib/tools/python/src/conversion.h" />
		<Unit filename="../dlib/tools/python/src/indexing.h" />
		<Unit filename="../dlib/tools/python/src/serialize_object_detector.h" />
		<Unit filename="../dlib/tools/python/src/shape_predictor.h" />
		<Unit filename="../dlib/tools/python/src/simple_object_detector.h" />
		<Unit filename="../dlib/tools/python/src/simple_object_detector_py.h" />
		<Unit filename="../dlib/tools/python/src/testing_results.h" />
		<Extensions>
			<code_completion />
			<debugger />
		</Extensions>
	</Project>
</CodeBlocks_project_file>
