<?xml version="1.0" encoding="UTF-8" standalone="yes" ?>
<CodeBlocks_project_file>
	<FileVersion major="1" minor="6" />
	<Project>
		<Option title="PASC_inference" />
		<Option pch_mode="2" />
		<Option compiler="null" />
		<Build>
			<Target title="Debug">
				<Option output="bin/Debug/PASC_inference" prefix_auto="1" extension_auto="1" />
				<Option object_output="obj/Debug/" />
				<Option type="1" />
				<Option compiler="null" />
			</Target>
		</Build>
		<Unit filename="../../examples/build/CMakeFiles/3.0.2/CompilerIdC/CMakeCCompilerId.c">
			<Option compilerVar="CC" />
		</Unit>
		<Unit filename="../../examples/build/CMakeFiles/3.0.2/CompilerIdCXX/CMakeCXXCompilerId.cpp" />
		<Unit filename="../../examples/build/dlib_build/src/project_dlib-build/CMakeFiles/3.0.2/CompilerIdC/CMakeCCompilerId.c">
			<Option compilerVar="CC" />
		</Unit>
		<Unit filename="../../examples/build/dlib_build/src/project_dlib-build/CMakeFiles/3.0.2/CompilerIdCXX/CMakeCXXCompilerId.cpp" />
		<Unit filename="../../examples/build/dlib_build/src/project_dlib-build/CMakeFiles/CheckTypeSize/SIZE_OF_VOID_PTR.c">
			<Option compilerVar="CC" />
		</Unit>
		<Unit filename="../../examples/build/dlib_build/src/project_dlib-build/dlib/config.h" />
		<Unit filename="../../examples/build/dlib_build/src/project_dlib-build/dlib/revision.h" />
		<Unit filename="../../examples/build/metis_build/src/project_metis-build/CMakeFiles/3.0.2/CompilerIdC/CMakeCCompilerId.c">
			<Option compilerVar="CC" />
		</Unit>
		<Unit filename="../../examples/build/metis_build/src/project_metis-build/CMakeFiles/3.0.2/CompilerIdCXX/CMakeCXXCompilerId.cpp" />
		<Unit filename="../../examples/gui/gui_show_gamma.cpp" />
		<Unit filename="../../examples/gui/gui_show_image.cpp" />
		<Unit filename="../../examples/gui/gui_show_movie.cpp" />
		<Unit filename="../../examples/gui/gui_show_neuro.cpp" />
		<Unit filename="../../examples/gui/gui_show_shortinfo.cpp" />
		<Unit filename="../../examples/gui/gui_show_signal2D.cpp" />
		<Unit filename="../../examples/gui/gui_show_vec.cpp" />
		<Unit filename="../../examples/gui/include/graphplotter.h" />
		<Unit filename="../../examples/gui/include/shortinfo_reader.h" />
		<Unit filename="../../examples/test_classes/petscvector/algebra/test_bgmgraph.cpp" />
		<Unit filename="../../examples/test_classes/petscvector/algebra/test_bgmgraph.cu" />
		<Unit filename="../../examples/test_classes/petscvector/algebra/test_bgmgraphgrid1D.cpp" />
		<Unit filename="../../examples/test_classes/petscvector/algebra/test_bgmgraphgrid1D.cu" />
		<Unit filename="../../examples/test_classes/petscvector/algebra/test_bgmgraphgrid2D.cpp" />
		<Unit filename="../../examples/test_classes/petscvector/algebra/test_bgmgraphgrid2D.cu" />
		<Unit filename="../../examples/test_classes/petscvector/algebra/test_blockgraphsparsematrix.cpp" />
		<Unit filename="../../examples/test_classes/petscvector/algebra/test_blockgraphsparsematrix.cu" />
		<Unit filename="../../examples/test_classes/petscvector/algebra/test_dot.cpp" />
		<Unit filename="../../examples/test_classes/petscvector/algebra/test_dot.cu" />
		<Unit filename="../../examples/test_classes/petscvector/algebra/test_seqarrayvector_dot.cpp" />
		<Unit filename="../../examples/test_classes/petscvector/common/test_consolearg.cpp" />
		<Unit filename="../../examples/test_classes/petscvector/common/test_consoleoutput.cpp" />
		<Unit filename="../../examples/test_classes/petscvector/common/test_globalmanager.cpp" />
		<Unit filename="../../examples/test_classes/petscvector/common/test_logging.cpp" />
		<Unit filename="../../examples/test_classes/petscvector/common/test_memorycheck.cpp" />
		<Unit filename="../../examples/test_classes/petscvector/common/test_offset.cpp" />
		<Unit filename="../../examples/test_classes/petscvector/common/test_shortinfo.cpp" />
		<Unit filename="../../examples/test_classes/petscvector/common/test_timer.cpp" />
		<Unit filename="../../examples/test_classes/petscvector/cuba/ExtraParameters.cpp" />
		<Unit filename="../../examples/test_classes/petscvector/cuba/Integrator.cpp" />
		<Unit filename="../../examples/test_classes/petscvector/cuba/include/ExtraParameters.h" />
		<Unit filename="../../examples/test_classes/petscvector/cuba/include/Integrator.h" />
		<Unit filename="../../examples/test_classes/petscvector/cuba/test_anna.cpp" />
		<Unit filename="../../examples/test_classes/petscvector/cuba/test_cuba.cpp" />
		<Unit filename="../../examples/test_classes/petscvector/dlib/test_anna.cpp" />
		<Unit filename="../../examples/test_classes/petscvector/dlib/test_anna.cu" />
		<Unit filename="../../examples/test_classes/petscvector/dlib/test_gui.cpp" />
		<Unit filename="../../examples/test_classes/petscvector/dlib/test_gui.cu" />
		<Unit filename="../../examples/test_classes/petscvector/dlib/test_integral.cpp" />
		<Unit filename="../../examples/test_classes/petscvector/dlib/test_integral.cu" />
		<Unit filename="../../examples/test_classes/seqarrayvector/algebra/test_dot.cpp" />
		<Unit filename="../../examples/test_classes/seqarrayvector/algebra/test_precision.cpp" />
		<Unit filename="../../examples/test_classes/seqarrayvector/algebra/test_precision.cu" />
		<Unit filename="../../examples/test_entropy/test_entropy.cpp" />
		<Unit filename="../../examples/test_image/test_image.cpp" />
		<Unit filename="../../examples/test_neuro/test_neuro.cpp" />
		<Unit filename="../../examples/test_signal/test_signal.cpp" />
		<Unit filename="../../examples/test_signal/test_signal1D_generate.cpp" />
		<Unit filename="../../examples/test_signal/test_signal2D_generate.cpp" />
		<Unit filename="../../examples/util/util_csv_to_vec.cpp" />
		<Unit filename="../../examples/util/util_diff_norm_vec.cpp" />
		<Unit filename="../../examples/util/util_dlib_image_to_vec.cpp" />
		<Unit filename="../../examples/util/util_print_vec.cpp" />
		<Unit filename="../../examples/util/util_process_log.cpp" />
		<Unit filename="../../examples/util/util_stat_vec.cpp" />
		<Unit filename="../../include/external/boost/boost.h" />
		<Unit filename="../../include/external/boost/options.h" />
		<Unit filename="../../include/external/craypower/craypower.h" />
		<Unit filename="../../include/external/minlin/minlin.h" />
		<Unit filename="../../include/external/petscvector/algebra/algebra.h" />
		<Unit filename="../../include/external/petscvector/algebra/feasibleset/simplex_lineqbound.h" />
		<Unit filename="../../include/external/petscvector/algebra/feasibleset/simplex_local.h" />
		<Unit filename="../../include/external/petscvector/algebra/graph/bgmgraph.h" />
		<Unit filename="../../include/external/petscvector/algebra/graph/bgmgraphgrid1D.h" />
		<Unit filename="../../include/external/petscvector/algebra/graph/bgmgraphgrid2D.h" />
		<Unit filename="../../include/external/petscvector/algebra/integration/entropyintegrationdlib.h" />
		<Unit filename="../../include/external/petscvector/algebra/matrix/blockgraphsparse.h" />
		<Unit filename="../../include/external/petscvector/algebra/matrix/generalmatrix.h" />
		<Unit filename="../../include/external/petscvector/algebra/vector/generalvector.h" />
		<Unit filename="../../include/external/petscvector/algebra/vector/petscvector.h" />
		<Unit filename="../../include/external/petscvector/common/common.h" />
		<Unit filename="../../include/external/petscvector/common/decomposition.h" />
		<Unit filename="../../include/external/petscvector/common/fem.h" />
		<Unit filename="../../include/external/petscvector/common/fem2D.h" />
		<Unit filename="../../include/external/petscvector/common/femhat.h" />
		<Unit filename="../../include/external/petscvector/common/initialize.h" />
		<Unit filename="../../include/external/petscvector/data/data.h" />
		<Unit filename="../../include/external/petscvector/data/edfdata.h" />
		<Unit filename="../../include/external/petscvector/data/entropydata.h" />
		<Unit filename="../../include/external/petscvector/data/imagedata.h" />
		<Unit filename="../../include/external/petscvector/data/signaldata.h" />
		<Unit filename="../../include/external/petscvector/data/tsdata.h" />
		<Unit filename="../../include/external/petscvector/model/entropyh1fem.h" />
		<Unit filename="../../include/external/petscvector/model/graphh1fem.h" />
		<Unit filename="../../include/external/petscvector/model/model.h" />
		<Unit filename="../../include/external/petscvector/petscvector.h" />
		<Unit filename="../../include/external/petscvector/solver/cgqpsolver.h" />
		<Unit filename="../../include/external/petscvector/solver/entropysolverdlib.h" />
		<Unit filename="../../include/external/petscvector/solver/entropysolvernewton.h" />
		<Unit filename="../../include/external/petscvector/solver/permonsolver.h" />
		<Unit filename="../../include/external/petscvector/solver/solver.h" />
		<Unit filename="../../include/external/petscvector/solver/spgqpsolver.h" />
		<Unit filename="../../include/external/petscvector/solver/spgqpsolver_coeff.h" />
		<Unit filename="../../include/external/seqarrayvector/algebra/algebra.h" />
		<Unit filename="../../include/external/seqarrayvector/algebra/vector/generalvector.h" />
		<Unit filename="../../include/external/seqarrayvector/algebra/vector/seqarrayvector.h" />
		<Unit filename="../../include/external/seqarrayvector/common/common.h" />
		<Unit filename="../../include/external/seqarrayvector/common/decomposition.h" />
		<Unit filename="../../include/external/seqarrayvector/common/initialize.h" />
		<Unit filename="../../include/external/seqarrayvector/seqarrayvector.h" />
		<Unit filename="../../include/general/algebra/algebra.h" />
		<Unit filename="../../include/general/algebra/arrayoperation.h" />
		<Unit filename="../../include/general/algebra/feasibleset/generalfeasibleset.h" />
		<Unit filename="../../include/general/algebra/feasibleset/simplex_lineqbound.h" />
		<Unit filename="../../include/general/algebra/feasibleset/simplex_local.h" />
		<Unit filename="../../include/general/algebra/graph/bgmgraph.h" />
		<Unit filename="../../include/general/algebra/graph/bgmgraphgrid1D.h" />
		<Unit filename="../../include/general/algebra/graph/bgmgraphgrid2D.h" />
		<Unit filename="../../include/general/algebra/integration/entropyintegration.h" />
		<Unit filename="../../include/general/algebra/integration/entropyintegrationdlib.h" />
		<Unit filename="../../include/general/algebra/matrix/blockgraphsparse.h" />
		<Unit filename="../../include/general/algebra/matrix/generalmatrix.h" />
		<Unit filename="../../include/general/algebra/matrix/generalmatrixrhs.h" />
		<Unit filename="../../include/general/algebra/vector/generalvector.h" />
		<Unit filename="../../include/general/common/common.h" />
		<Unit filename="../../include/general/common/consoleinput.h" />
		<Unit filename="../../include/general/common/consoleoutput.h" />
		<Unit filename="../../include/general/common/decomposition.h" />
		<Unit filename="../../include/general/common/fem.h" />
		<Unit filename="../../include/general/common/fem2D.h" />
		<Unit filename="../../include/general/common/femhat.h" />
		<Unit filename="../../include/general/common/globalmanager.h" />
		<Unit filename="../../include/general/common/initialize.h" />
		<Unit filename="../../include/general/common/logging.h" />
		<Unit filename="../../include/general/common/memorycheck.h" />
		<Unit filename="../../include/general/common/mvnrnd.h" />
		<Unit filename="../../include/general/common/powercheck.h" />
		<Unit filename="../../include/general/common/shortinfo.h" />
		<Unit filename="../../include/general/common/timer.h" />
		<Unit filename="../../include/general/data/data.h" />
		<Unit filename="../../include/general/data/diagdata.h" />
		<Unit filename="../../include/general/data/edfdata.h" />
		<Unit filename="../../include/general/data/entropydata.h" />
		<Unit filename="../../include/general/data/generaldata.h" />
		<Unit filename="../../include/general/data/imagedata.h" />
		<Unit filename="../../include/general/data/qpdata.h" />
		<Unit filename="../../include/general/data/signaldata.h" />
		<Unit filename="../../include/general/data/simpledata.h" />
		<Unit filename="../../include/general/data/tsdata.h" />
		<Unit filename="../../include/general/general.h" />
		<Unit filename="../../include/general/model/entropyh1fem.h" />
		<Unit filename="../../include/general/model/generalmodel.h" />
		<Unit filename="../../include/general/model/graphh1fem.h" />
		<Unit filename="../../include/general/model/model.h" />
		<Unit filename="../../include/general/model/tsmodel.h" />
		<Unit filename="../../include/general/solver/cgqpsolver.h" />
		<Unit filename="../../include/general/solver/entropysolverdlib.h" />
		<Unit filename="../../include/general/solver/entropysolvernewton.h" />
		<Unit filename="../../include/general/solver/generalsolver.h" />
		<Unit filename="../../include/general/solver/permonsolver.h" />
		<Unit filename="../../include/general/solver/qpsolver.h" />
		<Unit filename="../../include/general/solver/simplesolver.h" />
		<Unit filename="../../include/general/solver/solver.h" />
		<Unit filename="../../include/general/solver/spg_fs.h" />
		<Unit filename="../../include/general/solver/spgqpsolver.h" />
		<Unit filename="../../include/general/solver/spgqpsolver_coeff.h" />
		<Unit filename="../../include/general/solver/tssolver.h" />
		<Unit filename="../../include/options.h" />
		<Unit filename="../../include/pascinference.h" />
		<Unit filename="../../src/boost/options.cpp" />
		<Unit filename="../../src/general/common/arrayoperation.cpp" />
		<Unit filename="../../src/general/common/consoleinput.cpp" />
		<Unit filename="../../src/general/common/consoleoutput.cpp" />
		<Unit filename="../../src/general/common/logging.cpp" />
		<Unit filename="../../src/general/common/memorycheck.cpp" />
		<Unit filename="../../src/general/common/mvnrnd.cpp" />
		<Unit filename="../../src/general/common/shortinfo.cpp" />
		<Unit filename="../../src/general/common/timer.cpp" />
		<Unit filename="../../src/general/data/generaldata.cpp" />
		<Unit filename="../../src/general/model/generalmodel.cpp" />
		<Unit filename="../../src/general/solver/generalsolver.cpp" />
		<Unit filename="../../src/general/solver/spg_fs.cpp" />
		<Unit filename="../../src/petscvector/algebra/feasibleset/simplex_lineqbound.cpp" />
		<Unit filename="../../src/petscvector/algebra/feasibleset/simplex_local.cpp" />
		<Unit filename="../../src/petscvector/algebra/feasibleset/simplex_local.cu" />
		<Unit filename="../../src/petscvector/algebra/graph/bgmgraph.cpp" />
		<Unit filename="../../src/petscvector/algebra/graph/bgmgraph.cu" />
		<Unit filename="../../src/petscvector/algebra/graph/bgmgraphgrid1D.cpp" />
		<Unit filename="../../src/petscvector/algebra/graph/bgmgraphgrid1D.cu" />
		<Unit filename="../../src/petscvector/algebra/graph/bgmgraphgrid2D.cpp" />
		<Unit filename="../../src/petscvector/algebra/graph/bgmgraphgrid2D.cu" />
		<Unit filename="../../src/petscvector/algebra/integration/entropyintegrationdlib.cpp" />
		<Unit filename="../../src/petscvector/algebra/matrix/blockgraphsparse.cpp" />
		<Unit filename="../../src/petscvector/algebra/vector/generalvector.cpp" />
		<Unit filename="../../src/petscvector/algebra/vector/petscvector.cpp" />
		<Unit filename="../../src/petscvector/algebra/vector/wrappercomb.cpp" />
		<Unit filename="../../src/petscvector/algebra/vector/wrappermul.cpp" />
		<Unit filename="../../src/petscvector/algebra/vector/wrappersub.cpp" />
		<Unit filename="../../src/petscvector/common/decomposition.cpp" />
		<Unit filename="../../src/petscvector/common/fem.cpp" />
		<Unit filename="../../src/petscvector/common/fem.cu" />
		<Unit filename="../../src/petscvector/common/fem2D.cpp" />
		<Unit filename="../../src/petscvector/common/fem2D.cu" />
		<Unit filename="../../src/petscvector/common/femhat.cpp" />
		<Unit filename="../../src/petscvector/common/femhat.cu" />
		<Unit filename="../../src/petscvector/common/initialize.cpp" />
		<Unit filename="../../src/petscvector/common/initialize.cu" />
		<Unit filename="../../src/petscvector/data/edfdata.cpp" />
		<Unit filename="../../src/petscvector/data/entropydata.cpp" />
		<Unit filename="../../src/petscvector/data/imagedata.cpp" />
		<Unit filename="../../src/petscvector/data/signaldata.cpp" />
		<Unit filename="../../src/petscvector/data/tsdata.cpp" />
		<Unit filename="../../src/petscvector/model/entropyh1fem.cpp" />
		<Unit filename="../../src/petscvector/model/graphh1fem.cpp" />
		<Unit filename="../../src/petscvector/solver/cgqpsolver.cpp" />
		<Unit filename="../../src/petscvector/solver/entropysolverdlib.cpp" />
		<Unit filename="../../src/petscvector/solver/entropysolvernewton.cpp" />
		<Unit filename="../../src/petscvector/solver/permonsolver.cpp" />
		<Unit filename="../../src/petscvector/solver/spgqpsolver.cpp" />
		<Unit filename="../../src/petscvector/solver/spgqpsolver_coeff.cpp" />
		<Unit filename="../../src/seqarrayvector/algebra/vector/generalvector.cpp" />
		<Unit filename="../../src/seqarrayvector/algebra/vector/seqarrayvector.cpp" />
		<Unit filename="../../src/seqarrayvector/common/decomposition.cpp" />
		<Unit filename="../../src/seqarrayvector/common/initialize.cpp" />
		<Extensions>
			<code_completion />
			<debugger />
		</Extensions>
	</Project>
</CodeBlocks_project_file>
